// !$*UTF8*$!
{
	archiveVersion = 1;
	classes = {
	};
	objectVersion = 46;
	objects = {

/* Begin PBXBuildFile section */
		A3194FCD1BCD7A1800FD0122 /* banana_splat_3.png in Resources */ = {isa = PBXBuildFile; fileRef = A3194FCA1BCD7A1800FD0122 /* banana_splat_3.png */; };
		A3194FCE1BCD7A1800FD0122 /* banana_splat_4.png in Resources */ = {isa = PBXBuildFile; fileRef = A3194FCB1BCD7A1800FD0122 /* banana_splat_4.png */; };
		A3194FCF1BCD7A1800FD0122 /* banana_splat_5.png in Resources */ = {isa = PBXBuildFile; fileRef = A3194FCC1BCD7A1800FD0122 /* banana_splat_5.png */; };
		A32A31FB1BB8114300A12214 /* GameOverScene.swift in Sources */ = {isa = PBXBuildFile; fileRef = A32A31FA1BB8114300A12214 /* GameOverScene.swift */; };
		A32A31FF1BB81E3F00A12214 /* Label.swift in Sources */ = {isa = PBXBuildFile; fileRef = A32A31FE1BB81E3F00A12214 /* Label.swift */; };
		A334929A1BEDF34800A1FAE1 /* game_over_sob_1.png in Resources */ = {isa = PBXBuildFile; fileRef = A334928B1BEDF34800A1FAE1 /* game_over_sob_1.png */; };
		A334929B1BEDF34800A1FAE1 /* game_over_sob_2.png in Resources */ = {isa = PBXBuildFile; fileRef = A334928C1BEDF34800A1FAE1 /* game_over_sob_2.png */; };
		A334929C1BEDF34800A1FAE1 /* game_over_sob_3.png in Resources */ = {isa = PBXBuildFile; fileRef = A334928D1BEDF34800A1FAE1 /* game_over_sob_3.png */; };
		A334929D1BEDF34800A1FAE1 /* game_over_sob_4.png in Resources */ = {isa = PBXBuildFile; fileRef = A334928E1BEDF34800A1FAE1 /* game_over_sob_4.png */; };
		A334929E1BEDF34800A1FAE1 /* game_over_sob_5.png in Resources */ = {isa = PBXBuildFile; fileRef = A334928F1BEDF34800A1FAE1 /* game_over_sob_5.png */; };
		A334929F1BEDF34800A1FAE1 /* game_over_sob_6.png in Resources */ = {isa = PBXBuildFile; fileRef = A33492901BEDF34800A1FAE1 /* game_over_sob_6.png */; };
		A33492A01BEDF34800A1FAE1 /* game_over_sob_7.png in Resources */ = {isa = PBXBuildFile; fileRef = A33492911BEDF34800A1FAE1 /* game_over_sob_7.png */; };
		A33492A11BEDF34800A1FAE1 /* game_over_sob_8.png in Resources */ = {isa = PBXBuildFile; fileRef = A33492921BEDF34800A1FAE1 /* game_over_sob_8.png */; };
		A33492A21BEDF34800A1FAE1 /* game_over_sob_9.png in Resources */ = {isa = PBXBuildFile; fileRef = A33492931BEDF34800A1FAE1 /* game_over_sob_9.png */; };
		A33492A31BEDF34800A1FAE1 /* game_over_sob_10.png in Resources */ = {isa = PBXBuildFile; fileRef = A33492941BEDF34800A1FAE1 /* game_over_sob_10.png */; };
		A33492A41BEDF34800A1FAE1 /* game_over_tears_1.png in Resources */ = {isa = PBXBuildFile; fileRef = A33492951BEDF34800A1FAE1 /* game_over_tears_1.png */; };
		A33492A51BEDF34800A1FAE1 /* game_over_tears_2.png in Resources */ = {isa = PBXBuildFile; fileRef = A33492961BEDF34800A1FAE1 /* game_over_tears_2.png */; };
		A33492A61BEDF34800A1FAE1 /* game_over_tears_3.png in Resources */ = {isa = PBXBuildFile; fileRef = A33492971BEDF34800A1FAE1 /* game_over_tears_3.png */; };
		A33492A71BEDF34800A1FAE1 /* game_over_tears_4.png in Resources */ = {isa = PBXBuildFile; fileRef = A33492981BEDF34800A1FAE1 /* game_over_tears_4.png */; };
		A33492A81BEDF34800A1FAE1 /* game_over_tears_5.png in Resources */ = {isa = PBXBuildFile; fileRef = A33492991BEDF34800A1FAE1 /* game_over_tears_5.png */; };
		A33492B11BEDF6D700A1FAE1 /* home.png in Resources */ = {isa = PBXBuildFile; fileRef = A33492A91BEDF6D700A1FAE1 /* home.png */; };
		A33492B21BEDF6D700A1FAE1 /* how.png in Resources */ = {isa = PBXBuildFile; fileRef = A33492AA1BEDF6D700A1FAE1 /* how.png */; };
		A33492B31BEDF6D700A1FAE1 /* no_ads.png in Resources */ = {isa = PBXBuildFile; fileRef = A33492AB1BEDF6D700A1FAE1 /* no_ads.png */; };
		A33492B41BEDF6D700A1FAE1 /* play_button.png in Resources */ = {isa = PBXBuildFile; fileRef = A33492AC1BEDF6D700A1FAE1 /* play_button.png */; };
		A33492B51BEDF6D700A1FAE1 /* rate.png in Resources */ = {isa = PBXBuildFile; fileRef = A33492AD1BEDF6D700A1FAE1 /* rate.png */; };
		A33492B61BEDF6D700A1FAE1 /* retry_button.png in Resources */ = {isa = PBXBuildFile; fileRef = A33492AE1BEDF6D700A1FAE1 /* retry_button.png */; };
		A33492B71BEDF6D700A1FAE1 /* sound_off.png in Resources */ = {isa = PBXBuildFile; fileRef = A33492AF1BEDF6D700A1FAE1 /* sound_off.png */; };
		A33492B81BEDF6D700A1FAE1 /* sound_on.png in Resources */ = {isa = PBXBuildFile; fileRef = A33492B01BEDF6D700A1FAE1 /* sound_on.png */; };
		A360122D1BE613D800FDB32D /* menu_ground.png in Resources */ = {isa = PBXBuildFile; fileRef = A360122B1BE613D800FDB32D /* menu_ground.png */; };
		A360122E1BE613D800FDB32D /* menu_sky.png in Resources */ = {isa = PBXBuildFile; fileRef = A360122C1BE613D800FDB32D /* menu_sky.png */; };
		A36012461BE64C2B00FDB32D /* menu_title_1.png in Resources */ = {isa = PBXBuildFile; fileRef = A36012331BE64C2B00FDB32D /* menu_title_1.png */; };
		A36012471BE64C2B00FDB32D /* menu_title_2.png in Resources */ = {isa = PBXBuildFile; fileRef = A36012341BE64C2B00FDB32D /* menu_title_2.png */; };
		A36012481BE64C2B00FDB32D /* menu_title_3.png in Resources */ = {isa = PBXBuildFile; fileRef = A36012351BE64C2B00FDB32D /* menu_title_3.png */; };
		A36012491BE64C2B00FDB32D /* menu_title_4.png in Resources */ = {isa = PBXBuildFile; fileRef = A36012361BE64C2B00FDB32D /* menu_title_4.png */; };
		A360124A1BE64C2B00FDB32D /* menu_title_5.png in Resources */ = {isa = PBXBuildFile; fileRef = A36012371BE64C2B00FDB32D /* menu_title_5.png */; };
		A360124B1BE64C2B00FDB32D /* menu_title_6.png in Resources */ = {isa = PBXBuildFile; fileRef = A36012381BE64C2B00FDB32D /* menu_title_6.png */; };
		A360124C1BE64C2B00FDB32D /* menu_title_7.png in Resources */ = {isa = PBXBuildFile; fileRef = A36012391BE64C2B00FDB32D /* menu_title_7.png */; };
		A360124D1BE64C2B00FDB32D /* menu_title_8.png in Resources */ = {isa = PBXBuildFile; fileRef = A360123A1BE64C2B00FDB32D /* menu_title_8.png */; };
		A360124E1BE64C2B00FDB32D /* menu_title_9.png in Resources */ = {isa = PBXBuildFile; fileRef = A360123B1BE64C2B00FDB32D /* menu_title_9.png */; };
		A360124F1BE64C2B00FDB32D /* menu_title_10.png in Resources */ = {isa = PBXBuildFile; fileRef = A360123C1BE64C2B00FDB32D /* menu_title_10.png */; };
		A36012501BE64C2B00FDB32D /* menu_title_11.png in Resources */ = {isa = PBXBuildFile; fileRef = A360123D1BE64C2B00FDB32D /* menu_title_11.png */; };
		A36012511BE64C2B00FDB32D /* menu_title_12.png in Resources */ = {isa = PBXBuildFile; fileRef = A360123E1BE64C2B00FDB32D /* menu_title_12.png */; };
		A36012521BE64C2B00FDB32D /* menu_title_13.png in Resources */ = {isa = PBXBuildFile; fileRef = A360123F1BE64C2B00FDB32D /* menu_title_13.png */; };
		A36012531BE64C2B00FDB32D /* menu_title_14.png in Resources */ = {isa = PBXBuildFile; fileRef = A36012401BE64C2B00FDB32D /* menu_title_14.png */; };
		A36012541BE64C2B00FDB32D /* menu_title_15.png in Resources */ = {isa = PBXBuildFile; fileRef = A36012411BE64C2B00FDB32D /* menu_title_15.png */; };
		A36012551BE64C2B00FDB32D /* menu_title_16.png in Resources */ = {isa = PBXBuildFile; fileRef = A36012421BE64C2B00FDB32D /* menu_title_16.png */; };
		A36012561BE64C2B00FDB32D /* menu_title_17.png in Resources */ = {isa = PBXBuildFile; fileRef = A36012431BE64C2B00FDB32D /* menu_title_17.png */; };
		A36012571BE64C2B00FDB32D /* menu_title_18.png in Resources */ = {isa = PBXBuildFile; fileRef = A36012441BE64C2B00FDB32D /* menu_title_18.png */; };
		A36012581BE64C2B00FDB32D /* menu_title_19.png in Resources */ = {isa = PBXBuildFile; fileRef = A36012451BE64C2B00FDB32D /* menu_title_19.png */; };
		A36012621BE6530800FDB32D /* ouch_1.png in Resources */ = {isa = PBXBuildFile; fileRef = A36012591BE6530800FDB32D /* ouch_1.png */; };
		A36012631BE6530800FDB32D /* ouch_2.png in Resources */ = {isa = PBXBuildFile; fileRef = A360125A1BE6530800FDB32D /* ouch_2.png */; };
		A36012641BE6530800FDB32D /* ouch_3.png in Resources */ = {isa = PBXBuildFile; fileRef = A360125B1BE6530800FDB32D /* ouch_3.png */; };
		A36012651BE6530800FDB32D /* ouch_4.png in Resources */ = {isa = PBXBuildFile; fileRef = A360125C1BE6530800FDB32D /* ouch_4.png */; };
		A36012661BE6530800FDB32D /* ouch_5.png in Resources */ = {isa = PBXBuildFile; fileRef = A360125D1BE6530800FDB32D /* ouch_5.png */; };
		A36012671BE6530800FDB32D /* ouch_6.png in Resources */ = {isa = PBXBuildFile; fileRef = A360125E1BE6530800FDB32D /* ouch_6.png */; };
		A36012681BE6530800FDB32D /* ouch_7.png in Resources */ = {isa = PBXBuildFile; fileRef = A360125F1BE6530800FDB32D /* ouch_7.png */; };
		A36012691BE6530800FDB32D /* ouch_8.png in Resources */ = {isa = PBXBuildFile; fileRef = A36012601BE6530800FDB32D /* ouch_8.png */; };
		A360126A1BE6530800FDB32D /* ouch_9.png in Resources */ = {isa = PBXBuildFile; fileRef = A36012611BE6530800FDB32D /* ouch_9.png */; };
		A360126C1BE6561D00FDB32D /* Decayable.swift in Sources */ = {isa = PBXBuildFile; fileRef = A360126B1BE6561D00FDB32D /* Decayable.swift */; };
		A37673441BEB5D6C0079619A /* option_select.wav in Resources */ = {isa = PBXBuildFile; fileRef = A37673431BEB5D6C0079619A /* option_select.wav */; };
		A37673481BEB60330079619A /* throw_1.wav in Resources */ = {isa = PBXBuildFile; fileRef = A37673451BEB60330079619A /* throw_1.wav */; };
		A37673491BEB60330079619A /* throw_2.wav in Resources */ = {isa = PBXBuildFile; fileRef = A37673461BEB60330079619A /* throw_2.wav */; };
		A376734A1BEB60330079619A /* throw_3.wav in Resources */ = {isa = PBXBuildFile; fileRef = A37673471BEB60330079619A /* throw_3.wav */; };
		A37673511BEB64300079619A /* catch_1.wav in Resources */ = {isa = PBXBuildFile; fileRef = A376734D1BEB64300079619A /* catch_1.wav */; };
		A37673521BEB64300079619A /* catch_2.wav in Resources */ = {isa = PBXBuildFile; fileRef = A376734E1BEB64300079619A /* catch_2.wav */; };
		A37673531BEB64300079619A /* catch_3.wav in Resources */ = {isa = PBXBuildFile; fileRef = A376734F1BEB64300079619A /* catch_3.wav */; };
		A37673561BEB917A0079619A /* break.wav in Resources */ = {isa = PBXBuildFile; fileRef = A37673551BEB917A0079619A /* break.wav */; };
		A376735A1BEB92B80079619A /* brokenut_11.png in Resources */ = {isa = PBXBuildFile; fileRef = A37673571BEB92B80079619A /* brokenut_11.png */; };
		A376735B1BEB92B80079619A /* brokenut_12.png in Resources */ = {isa = PBXBuildFile; fileRef = A37673581BEB92B80079619A /* brokenut_12.png */; };
		A376735C1BEB92B80079619A /* brokenut_13.png in Resources */ = {isa = PBXBuildFile; fileRef = A37673591BEB92B80079619A /* brokenut_13.png */; };
		A376735E1BEBA8850079619A /* catch_9.png in Resources */ = {isa = PBXBuildFile; fileRef = A376735D1BEBA8850079619A /* catch_9.png */; };
		A37673601BEBA8EB0079619A /* catch_10.png in Resources */ = {isa = PBXBuildFile; fileRef = A376735F1BEBA8EB0079619A /* catch_10.png */; };
		A37673621BEBA90F0079619A /* ouch_10.png in Resources */ = {isa = PBXBuildFile; fileRef = A37673611BEBA90F0079619A /* ouch_10.png */; };
		A37673641BEBB04D0079619A /* banana_splat_6.png in Resources */ = {isa = PBXBuildFile; fileRef = A37673631BEBB04D0079619A /* banana_splat_6.png */; };
		A37673681BEBB9200079619A /* BasketManMenu.swift in Sources */ = {isa = PBXBuildFile; fileRef = A37673671BEBB9200079619A /* BasketManMenu.swift */; };
		A376736A1BEBB9520079619A /* idle_menu.png in Resources */ = {isa = PBXBuildFile; fileRef = A37673691BEBB9520079619A /* idle_menu.png */; };
		A376737A1BEBC59B0079619A /* catch_menu_1.png in Resources */ = {isa = PBXBuildFile; fileRef = A376736B1BEBC59B0079619A /* catch_menu_1.png */; };
		A376737B1BEBC59B0079619A /* catch_menu_2.png in Resources */ = {isa = PBXBuildFile; fileRef = A376736C1BEBC59B0079619A /* catch_menu_2.png */; };
		A376737C1BEBC59B0079619A /* catch_menu_3.png in Resources */ = {isa = PBXBuildFile; fileRef = A376736D1BEBC59B0079619A /* catch_menu_3.png */; };
		A376737D1BEBC59B0079619A /* catch_menu_4.png in Resources */ = {isa = PBXBuildFile; fileRef = A376736E1BEBC59B0079619A /* catch_menu_4.png */; };
		A376737E1BEBC59B0079619A /* catch_menu_5.png in Resources */ = {isa = PBXBuildFile; fileRef = A376736F1BEBC59B0079619A /* catch_menu_5.png */; };
		A376737F1BEBC59B0079619A /* catch_menu_6.png in Resources */ = {isa = PBXBuildFile; fileRef = A37673701BEBC59B0079619A /* catch_menu_6.png */; };
		A37673801BEBC59B0079619A /* catch_menu_7.png in Resources */ = {isa = PBXBuildFile; fileRef = A37673711BEBC59B0079619A /* catch_menu_7.png */; };
		A37673811BEBC59B0079619A /* catch_menu_8.png in Resources */ = {isa = PBXBuildFile; fileRef = A37673721BEBC59B0079619A /* catch_menu_8.png */; };
		A37673821BEBC59B0079619A /* catch_menu_9.png in Resources */ = {isa = PBXBuildFile; fileRef = A37673731BEBC59B0079619A /* catch_menu_9.png */; };
		A37673831BEBC59B0079619A /* catch_menu_10.png in Resources */ = {isa = PBXBuildFile; fileRef = A37673741BEBC59B0079619A /* catch_menu_10.png */; };
		A37673841BEBC59B0079619A /* catch_menu_11.png in Resources */ = {isa = PBXBuildFile; fileRef = A37673751BEBC59B0079619A /* catch_menu_11.png */; };
		A37673851BEBC59B0079619A /* catch_menu_12.png in Resources */ = {isa = PBXBuildFile; fileRef = A37673761BEBC59B0079619A /* catch_menu_12.png */; };
		A37673861BEBC59B0079619A /* catch_menu_13.png in Resources */ = {isa = PBXBuildFile; fileRef = A37673771BEBC59B0079619A /* catch_menu_13.png */; };
		A37673871BEBC59B0079619A /* catch_menu_14.png in Resources */ = {isa = PBXBuildFile; fileRef = A37673781BEBC59B0079619A /* catch_menu_14.png */; };
		A37673881BEBC59B0079619A /* catch_menu_15.png in Resources */ = {isa = PBXBuildFile; fileRef = A37673791BEBC59B0079619A /* catch_menu_15.png */; };
		A376738E1BEBC7CD0079619A /* blink_menu_1.png in Resources */ = {isa = PBXBuildFile; fileRef = A376738B1BEBC7CD0079619A /* blink_menu_1.png */; };
		A376738F1BEBC7CD0079619A /* blink_menu_2.png in Resources */ = {isa = PBXBuildFile; fileRef = A376738C1BEBC7CD0079619A /* blink_menu_2.png */; };
		A37673901BEBC7CD0079619A /* blink_menu_3.png in Resources */ = {isa = PBXBuildFile; fileRef = A376738D1BEBC7CD0079619A /* blink_menu_3.png */; };
		A37673921BEBC8210079619A /* blink_menu_4.png in Resources */ = {isa = PBXBuildFile; fileRef = A37673911BEBC8210079619A /* blink_menu_4.png */; };
		A37D4B2C1BE379250071FFBF /* flying_1.png in Resources */ = {isa = PBXBuildFile; fileRef = A37D4B241BE379250071FFBF /* flying_1.png */; };
		A37D4B2D1BE379250071FFBF /* flying_2.png in Resources */ = {isa = PBXBuildFile; fileRef = A37D4B251BE379250071FFBF /* flying_2.png */; };
		A37D4B2E1BE379250071FFBF /* flying_3.png in Resources */ = {isa = PBXBuildFile; fileRef = A37D4B261BE379250071FFBF /* flying_3.png */; };
		A37D4B2F1BE379250071FFBF /* flying_4.png in Resources */ = {isa = PBXBuildFile; fileRef = A37D4B271BE379250071FFBF /* flying_4.png */; };
		A37D4B301BE379250071FFBF /* flying_5.png in Resources */ = {isa = PBXBuildFile; fileRef = A37D4B281BE379250071FFBF /* flying_5.png */; };
		A37D4B311BE379250071FFBF /* flying_6.png in Resources */ = {isa = PBXBuildFile; fileRef = A37D4B291BE379250071FFBF /* flying_6.png */; };
		A37D4B321BE379250071FFBF /* flying_7.png in Resources */ = {isa = PBXBuildFile; fileRef = A37D4B2A1BE379250071FFBF /* flying_7.png */; };
		A37D4B331BE379250071FFBF /* flying_8.png in Resources */ = {isa = PBXBuildFile; fileRef = A37D4B2B1BE379250071FFBF /* flying_8.png */; };
		A37D4B351BE3A2700071FFBF /* Coconut.swift in Sources */ = {isa = PBXBuildFile; fileRef = A37D4B341BE3A2700071FFBF /* Coconut.swift */; };
		A37D4B371BE3A29C0071FFBF /* coconut.png in Resources */ = {isa = PBXBuildFile; fileRef = A37D4B361BE3A29C0071FFBF /* coconut.png */; };
		A37D4B391BE3A4520071FFBF /* Throwable.swift in Sources */ = {isa = PBXBuildFile; fileRef = A37D4B381BE3A4520071FFBF /* Throwable.swift */; };
		A37D4B3F1BE3BC6B0071FFBF /* Brokenut.swift in Sources */ = {isa = PBXBuildFile; fileRef = A37D4B3E1BE3BC6B0071FFBF /* Brokenut.swift */; };
		A37D4B4A1BE3BC990071FFBF /* brokenut_1.png in Resources */ = {isa = PBXBuildFile; fileRef = A37D4B401BE3BC990071FFBF /* brokenut_1.png */; };
		A37D4B4B1BE3BC990071FFBF /* brokenut_2.png in Resources */ = {isa = PBXBuildFile; fileRef = A37D4B411BE3BC990071FFBF /* brokenut_2.png */; };
		A37D4B4C1BE3BC990071FFBF /* brokenut_3.png in Resources */ = {isa = PBXBuildFile; fileRef = A37D4B421BE3BC990071FFBF /* brokenut_3.png */; };
		A37D4B4D1BE3BC990071FFBF /* brokenut_4.png in Resources */ = {isa = PBXBuildFile; fileRef = A37D4B431BE3BC990071FFBF /* brokenut_4.png */; };
		A37D4B4E1BE3BC990071FFBF /* brokenut_5.png in Resources */ = {isa = PBXBuildFile; fileRef = A37D4B441BE3BC990071FFBF /* brokenut_5.png */; };
		A37D4B4F1BE3BC990071FFBF /* brokenut_6.png in Resources */ = {isa = PBXBuildFile; fileRef = A37D4B451BE3BC990071FFBF /* brokenut_6.png */; };
		A37D4B501BE3BC990071FFBF /* brokenut_7.png in Resources */ = {isa = PBXBuildFile; fileRef = A37D4B461BE3BC990071FFBF /* brokenut_7.png */; };
		A37D4B511BE3BC990071FFBF /* brokenut_8.png in Resources */ = {isa = PBXBuildFile; fileRef = A37D4B471BE3BC990071FFBF /* brokenut_8.png */; };
		A37D4B521BE3BC990071FFBF /* brokenut_9.png in Resources */ = {isa = PBXBuildFile; fileRef = A37D4B481BE3BC990071FFBF /* brokenut_9.png */; };
		A37D4B531BE3BC990071FFBF /* brokenut_10.png in Resources */ = {isa = PBXBuildFile; fileRef = A37D4B491BE3BC990071FFBF /* brokenut_10.png */; };
		A37D4B551BE52E830071FFBF /* background.png in Resources */ = {isa = PBXBuildFile; fileRef = A37D4B541BE52E830071FFBF /* background.png */; };
		A396BB541BB6E517002F7231 /* ScoreLabel.swift in Sources */ = {isa = PBXBuildFile; fileRef = A396BB531BB6E517002F7231 /* ScoreLabel.swift */; };
		A396BB581BB6E840002F7231 /* Lives.swift in Sources */ = {isa = PBXBuildFile; fileRef = A396BB571BB6E840002F7231 /* Lives.swift */; };
		A3A79F931BA6D32A003C1F32 /* AppDelegate.swift in Sources */ = {isa = PBXBuildFile; fileRef = A3A79F921BA6D32A003C1F32 /* AppDelegate.swift */; };
		A3A79F971BA6D32A003C1F32 /* GameScene.swift in Sources */ = {isa = PBXBuildFile; fileRef = A3A79F961BA6D32A003C1F32 /* GameScene.swift */; };
		A3A79F991BA6D32A003C1F32 /* GameViewController.swift in Sources */ = {isa = PBXBuildFile; fileRef = A3A79F981BA6D32A003C1F32 /* GameViewController.swift */; };
		A3A79F9C1BA6D32A003C1F32 /* Main.storyboard in Resources */ = {isa = PBXBuildFile; fileRef = A3A79F9A1BA6D32A003C1F32 /* Main.storyboard */; };
		A3A79F9E1BA6D32A003C1F32 /* Assets.xcassets in Resources */ = {isa = PBXBuildFile; fileRef = A3A79F9D1BA6D32A003C1F32 /* Assets.xcassets */; };
		A3A79FA11BA6D32A003C1F32 /* LaunchScreen.storyboard in Resources */ = {isa = PBXBuildFile; fileRef = A3A79F9F1BA6D32A003C1F32 /* LaunchScreen.storyboard */; };
		A3A79FAC1BA6D32A003C1F32 /* Banana_CatcherTests.swift in Sources */ = {isa = PBXBuildFile; fileRef = A3A79FAB1BA6D32A003C1F32 /* Banana_CatcherTests.swift */; };
		A3A79FB71BA6D32A003C1F32 /* Banana_CatcherUITests.swift in Sources */ = {isa = PBXBuildFile; fileRef = A3A79FB61BA6D32A003C1F32 /* Banana_CatcherUITests.swift */; };
		A3A79FC51BA6D46A003C1F32 /* MenuScene.swift in Sources */ = {isa = PBXBuildFile; fileRef = A3A79FC41BA6D46A003C1F32 /* MenuScene.swift */; };
		A3A79FD31BA6DA61003C1F32 /* BananaRain.sks in Resources */ = {isa = PBXBuildFile; fileRef = A3A79FD11BA6DA61003C1F32 /* BananaRain.sks */; };
		A3A79FDA1BA6FE67003C1F32 /* BasketMan.swift in Sources */ = {isa = PBXBuildFile; fileRef = A3A79FD91BA6FE67003C1F32 /* BasketMan.swift */; };
		A3A79FDC1BA6FFDC003C1F32 /* Ground.swift in Sources */ = {isa = PBXBuildFile; fileRef = A3A79FDB1BA6FFDC003C1F32 /* Ground.swift */; };
		A3A79FE01BA706C5003C1F32 /* EvilMonkey.swift in Sources */ = {isa = PBXBuildFile; fileRef = A3A79FDF1BA706C5003C1F32 /* EvilMonkey.swift */; };
		A3A79FE21BA70838003C1F32 /* Banana.swift in Sources */ = {isa = PBXBuildFile; fileRef = A3A79FE11BA70838003C1F32 /* Banana.swift */; };
		A3B9B1201BECEA7500AB9709 /* Extensions.swift in Sources */ = {isa = PBXBuildFile; fileRef = A3B9B11F1BECEA7500AB9709 /* Extensions.swift */; };
		A3B9B1231BECF4D500AB9709 /* darkness_bottom.png in Resources */ = {isa = PBXBuildFile; fileRef = A3B9B1211BECF4D500AB9709 /* darkness_bottom.png */; };
		A3B9B1241BECF4D500AB9709 /* darkness_top.png in Resources */ = {isa = PBXBuildFile; fileRef = A3B9B1221BECF4D500AB9709 /* darkness_top.png */; };
		A3C20E961BED44BB002A179E /* GameOverLabel.swift in Sources */ = {isa = PBXBuildFile; fileRef = A3C20E951BED44BB002A179E /* GameOverLabel.swift */; };
		A3C955861BCA895B000E6274 /* blink_1.png in Resources */ = {isa = PBXBuildFile; fileRef = A3C955791BCA895B000E6274 /* blink_1.png */; };
		A3C955871BCA895B000E6274 /* blink_2.png in Resources */ = {isa = PBXBuildFile; fileRef = A3C9557A1BCA895B000E6274 /* blink_2.png */; };
		A3C955881BCA895B000E6274 /* blink_3.png in Resources */ = {isa = PBXBuildFile; fileRef = A3C9557B1BCA895B000E6274 /* blink_3.png */; };
		A3C9558A1BCA895B000E6274 /* catch_1.png in Resources */ = {isa = PBXBuildFile; fileRef = A3C9557D1BCA895B000E6274 /* catch_1.png */; };
		A3C9558B1BCA895B000E6274 /* catch_2.png in Resources */ = {isa = PBXBuildFile; fileRef = A3C9557E1BCA895B000E6274 /* catch_2.png */; };
		A3C9558C1BCA895B000E6274 /* catch_3.png in Resources */ = {isa = PBXBuildFile; fileRef = A3C9557F1BCA895B000E6274 /* catch_3.png */; };
		A3C9558D1BCA895B000E6274 /* catch_4.png in Resources */ = {isa = PBXBuildFile; fileRef = A3C955801BCA895B000E6274 /* catch_4.png */; };
		A3C9558E1BCA895B000E6274 /* catch_5.png in Resources */ = {isa = PBXBuildFile; fileRef = A3C955811BCA895B000E6274 /* catch_5.png */; };
		A3C9558F1BCA895B000E6274 /* catch_6.png in Resources */ = {isa = PBXBuildFile; fileRef = A3C955821BCA895B000E6274 /* catch_6.png */; };
		A3C955901BCA895B000E6274 /* catch_7.png in Resources */ = {isa = PBXBuildFile; fileRef = A3C955831BCA895B000E6274 /* catch_7.png */; };
		A3C955911BCA895B000E6274 /* catch_8.png in Resources */ = {isa = PBXBuildFile; fileRef = A3C955841BCA895B000E6274 /* catch_8.png */; };
		A3C955921BCA895B000E6274 /* idle.png in Resources */ = {isa = PBXBuildFile; fileRef = A3C955851BCA895B000E6274 /* idle.png */; };
		A3C955951BCA90A5000E6274 /* banana.png in Resources */ = {isa = PBXBuildFile; fileRef = A3C955941BCA90A5000E6274 /* banana.png */; };
		A3C955981BCA943E000E6274 /* heart.png in Resources */ = {isa = PBXBuildFile; fileRef = A3C955971BCA943E000E6274 /* heart.png */; };
		A3C9559B1BCACD91000E6274 /* banana_splat_1.png in Resources */ = {isa = PBXBuildFile; fileRef = A3C955991BCACD91000E6274 /* banana_splat_1.png */; };
		A3C9559C1BCACD91000E6274 /* banana_splat_2.png in Resources */ = {isa = PBXBuildFile; fileRef = A3C9559A1BCACD91000E6274 /* banana_splat_2.png */; };
		A3C9559E1BCACFCC000E6274 /* SplatBanana.swift in Sources */ = {isa = PBXBuildFile; fileRef = A3C9559D1BCACFCC000E6274 /* SplatBanana.swift */; };
		A3EEC5B61BD6AFBF00A1D133 /* catch.wav in Resources */ = {isa = PBXBuildFile; fileRef = A3EEC5B31BD6AFBF00A1D133 /* catch.wav */; };
		A3EEC5B71BD6AFBF00A1D133 /* splat.wav in Resources */ = {isa = PBXBuildFile; fileRef = A3EEC5B41BD6AFBF00A1D133 /* splat.wav */; };
		A3F33D861BAD381F0038FDFB /* CollisionCategories.swift in Sources */ = {isa = PBXBuildFile; fileRef = A3F33D851BAD381F0038FDFB /* CollisionCategories.swift */; };
/* End PBXBuildFile section */

/* Begin PBXContainerItemProxy section */
		A3A79FA81BA6D32A003C1F32 /* PBXContainerItemProxy */ = {
			isa = PBXContainerItemProxy;
			containerPortal = A3A79F871BA6D32A003C1F32 /* Project object */;
			proxyType = 1;
			remoteGlobalIDString = A3A79F8E1BA6D32A003C1F32;
			remoteInfo = "Banana Catcher";
		};
		A3A79FB31BA6D32A003C1F32 /* PBXContainerItemProxy */ = {
			isa = PBXContainerItemProxy;
			containerPortal = A3A79F871BA6D32A003C1F32 /* Project object */;
			proxyType = 1;
			remoteGlobalIDString = A3A79F8E1BA6D32A003C1F32;
			remoteInfo = "Banana Catcher";
		};
/* End PBXContainerItemProxy section */

/* Begin PBXFileReference section */
		A3194FCA1BCD7A1800FD0122 /* banana_splat_3.png */ = {isa = PBXFileReference; lastKnownFileType = image.png; name = banana_splat_3.png; path = images/throwables/banana_splat_3.png; sourceTree = "<group>"; };
		A3194FCB1BCD7A1800FD0122 /* banana_splat_4.png */ = {isa = PBXFileReference; lastKnownFileType = image.png; name = banana_splat_4.png; path = images/throwables/banana_splat_4.png; sourceTree = "<group>"; };
		A3194FCC1BCD7A1800FD0122 /* banana_splat_5.png */ = {isa = PBXFileReference; lastKnownFileType = image.png; name = banana_splat_5.png; path = images/throwables/banana_splat_5.png; sourceTree = "<group>"; };
		A32A31FA1BB8114300A12214 /* GameOverScene.swift */ = {isa = PBXFileReference; fileEncoding = 4; lastKnownFileType = sourcecode.swift; path = GameOverScene.swift; sourceTree = "<group>"; };
		A32A31FE1BB81E3F00A12214 /* Label.swift */ = {isa = PBXFileReference; fileEncoding = 4; lastKnownFileType = sourcecode.swift; path = Label.swift; sourceTree = "<group>"; };
		A334928B1BEDF34800A1FAE1 /* game_over_sob_1.png */ = {isa = PBXFileReference; lastKnownFileType = image.png; name = game_over_sob_1.png; path = images/gamover/game_over_sob_1.png; sourceTree = "<group>"; };
		A334928C1BEDF34800A1FAE1 /* game_over_sob_2.png */ = {isa = PBXFileReference; lastKnownFileType = image.png; name = game_over_sob_2.png; path = images/gamover/game_over_sob_2.png; sourceTree = "<group>"; };
		A334928D1BEDF34800A1FAE1 /* game_over_sob_3.png */ = {isa = PBXFileReference; lastKnownFileType = image.png; name = game_over_sob_3.png; path = images/gamover/game_over_sob_3.png; sourceTree = "<group>"; };
		A334928E1BEDF34800A1FAE1 /* game_over_sob_4.png */ = {isa = PBXFileReference; lastKnownFileType = image.png; name = game_over_sob_4.png; path = images/gamover/game_over_sob_4.png; sourceTree = "<group>"; };
		A334928F1BEDF34800A1FAE1 /* game_over_sob_5.png */ = {isa = PBXFileReference; lastKnownFileType = image.png; name = game_over_sob_5.png; path = images/gamover/game_over_sob_5.png; sourceTree = "<group>"; };
		A33492901BEDF34800A1FAE1 /* game_over_sob_6.png */ = {isa = PBXFileReference; lastKnownFileType = image.png; name = game_over_sob_6.png; path = images/gamover/game_over_sob_6.png; sourceTree = "<group>"; };
		A33492911BEDF34800A1FAE1 /* game_over_sob_7.png */ = {isa = PBXFileReference; lastKnownFileType = image.png; name = game_over_sob_7.png; path = images/gamover/game_over_sob_7.png; sourceTree = "<group>"; };
		A33492921BEDF34800A1FAE1 /* game_over_sob_8.png */ = {isa = PBXFileReference; lastKnownFileType = image.png; name = game_over_sob_8.png; path = images/gamover/game_over_sob_8.png; sourceTree = "<group>"; };
		A33492931BEDF34800A1FAE1 /* game_over_sob_9.png */ = {isa = PBXFileReference; lastKnownFileType = image.png; name = game_over_sob_9.png; path = images/gamover/game_over_sob_9.png; sourceTree = "<group>"; };
		A33492941BEDF34800A1FAE1 /* game_over_sob_10.png */ = {isa = PBXFileReference; lastKnownFileType = image.png; name = game_over_sob_10.png; path = images/gamover/game_over_sob_10.png; sourceTree = "<group>"; };
		A33492951BEDF34800A1FAE1 /* game_over_tears_1.png */ = {isa = PBXFileReference; lastKnownFileType = image.png; name = game_over_tears_1.png; path = images/gamover/game_over_tears_1.png; sourceTree = "<group>"; };
		A33492961BEDF34800A1FAE1 /* game_over_tears_2.png */ = {isa = PBXFileReference; lastKnownFileType = image.png; name = game_over_tears_2.png; path = images/gamover/game_over_tears_2.png; sourceTree = "<group>"; };
		A33492971BEDF34800A1FAE1 /* game_over_tears_3.png */ = {isa = PBXFileReference; lastKnownFileType = image.png; name = game_over_tears_3.png; path = images/gamover/game_over_tears_3.png; sourceTree = "<group>"; };
		A33492981BEDF34800A1FAE1 /* game_over_tears_4.png */ = {isa = PBXFileReference; lastKnownFileType = image.png; name = game_over_tears_4.png; path = images/gamover/game_over_tears_4.png; sourceTree = "<group>"; };
		A33492991BEDF34800A1FAE1 /* game_over_tears_5.png */ = {isa = PBXFileReference; lastKnownFileType = image.png; name = game_over_tears_5.png; path = images/gamover/game_over_tears_5.png; sourceTree = "<group>"; };
		A33492A91BEDF6D700A1FAE1 /* home.png */ = {isa = PBXFileReference; lastKnownFileType = image.png; name = home.png; path = images/buttons/home.png; sourceTree = "<group>"; };
		A33492AA1BEDF6D700A1FAE1 /* how.png */ = {isa = PBXFileReference; lastKnownFileType = image.png; name = how.png; path = images/buttons/how.png; sourceTree = "<group>"; };
		A33492AB1BEDF6D700A1FAE1 /* no_ads.png */ = {isa = PBXFileReference; lastKnownFileType = image.png; name = no_ads.png; path = images/buttons/no_ads.png; sourceTree = "<group>"; };
		A33492AC1BEDF6D700A1FAE1 /* play_button.png */ = {isa = PBXFileReference; lastKnownFileType = image.png; name = play_button.png; path = images/buttons/play_button.png; sourceTree = "<group>"; };
		A33492AD1BEDF6D700A1FAE1 /* rate.png */ = {isa = PBXFileReference; lastKnownFileType = image.png; name = rate.png; path = images/buttons/rate.png; sourceTree = "<group>"; };
		A33492AE1BEDF6D700A1FAE1 /* retry_button.png */ = {isa = PBXFileReference; lastKnownFileType = image.png; name = retry_button.png; path = images/buttons/retry_button.png; sourceTree = "<group>"; };
		A33492AF1BEDF6D700A1FAE1 /* sound_off.png */ = {isa = PBXFileReference; lastKnownFileType = image.png; name = sound_off.png; path = images/buttons/sound_off.png; sourceTree = "<group>"; };
		A33492B01BEDF6D700A1FAE1 /* sound_on.png */ = {isa = PBXFileReference; lastKnownFileType = image.png; name = sound_on.png; path = images/buttons/sound_on.png; sourceTree = "<group>"; };
		A360122B1BE613D800FDB32D /* menu_ground.png */ = {isa = PBXFileReference; lastKnownFileType = image.png; name = menu_ground.png; path = images/hud/menu_ground.png; sourceTree = "<group>"; };
		A360122C1BE613D800FDB32D /* menu_sky.png */ = {isa = PBXFileReference; lastKnownFileType = image.png; name = menu_sky.png; path = images/hud/menu_sky.png; sourceTree = "<group>"; };
		A36012331BE64C2B00FDB32D /* menu_title_1.png */ = {isa = PBXFileReference; lastKnownFileType = image.png; name = menu_title_1.png; path = images/hud/menu_title_1.png; sourceTree = "<group>"; };
		A36012341BE64C2B00FDB32D /* menu_title_2.png */ = {isa = PBXFileReference; lastKnownFileType = image.png; name = menu_title_2.png; path = images/hud/menu_title_2.png; sourceTree = "<group>"; };
		A36012351BE64C2B00FDB32D /* menu_title_3.png */ = {isa = PBXFileReference; lastKnownFileType = image.png; name = menu_title_3.png; path = images/hud/menu_title_3.png; sourceTree = "<group>"; };
		A36012361BE64C2B00FDB32D /* menu_title_4.png */ = {isa = PBXFileReference; lastKnownFileType = image.png; name = menu_title_4.png; path = images/hud/menu_title_4.png; sourceTree = "<group>"; };
		A36012371BE64C2B00FDB32D /* menu_title_5.png */ = {isa = PBXFileReference; lastKnownFileType = image.png; name = menu_title_5.png; path = images/hud/menu_title_5.png; sourceTree = "<group>"; };
		A36012381BE64C2B00FDB32D /* menu_title_6.png */ = {isa = PBXFileReference; lastKnownFileType = image.png; name = menu_title_6.png; path = images/hud/menu_title_6.png; sourceTree = "<group>"; };
		A36012391BE64C2B00FDB32D /* menu_title_7.png */ = {isa = PBXFileReference; lastKnownFileType = image.png; name = menu_title_7.png; path = images/hud/menu_title_7.png; sourceTree = "<group>"; };
		A360123A1BE64C2B00FDB32D /* menu_title_8.png */ = {isa = PBXFileReference; lastKnownFileType = image.png; name = menu_title_8.png; path = images/hud/menu_title_8.png; sourceTree = "<group>"; };
		A360123B1BE64C2B00FDB32D /* menu_title_9.png */ = {isa = PBXFileReference; lastKnownFileType = image.png; name = menu_title_9.png; path = images/hud/menu_title_9.png; sourceTree = "<group>"; };
		A360123C1BE64C2B00FDB32D /* menu_title_10.png */ = {isa = PBXFileReference; lastKnownFileType = image.png; name = menu_title_10.png; path = images/hud/menu_title_10.png; sourceTree = "<group>"; };
		A360123D1BE64C2B00FDB32D /* menu_title_11.png */ = {isa = PBXFileReference; lastKnownFileType = image.png; name = menu_title_11.png; path = images/hud/menu_title_11.png; sourceTree = "<group>"; };
		A360123E1BE64C2B00FDB32D /* menu_title_12.png */ = {isa = PBXFileReference; lastKnownFileType = image.png; name = menu_title_12.png; path = images/hud/menu_title_12.png; sourceTree = "<group>"; };
		A360123F1BE64C2B00FDB32D /* menu_title_13.png */ = {isa = PBXFileReference; lastKnownFileType = image.png; name = menu_title_13.png; path = images/hud/menu_title_13.png; sourceTree = "<group>"; };
		A36012401BE64C2B00FDB32D /* menu_title_14.png */ = {isa = PBXFileReference; lastKnownFileType = image.png; name = menu_title_14.png; path = images/hud/menu_title_14.png; sourceTree = "<group>"; };
		A36012411BE64C2B00FDB32D /* menu_title_15.png */ = {isa = PBXFileReference; lastKnownFileType = image.png; name = menu_title_15.png; path = images/hud/menu_title_15.png; sourceTree = "<group>"; };
		A36012421BE64C2B00FDB32D /* menu_title_16.png */ = {isa = PBXFileReference; lastKnownFileType = image.png; name = menu_title_16.png; path = images/hud/menu_title_16.png; sourceTree = "<group>"; };
		A36012431BE64C2B00FDB32D /* menu_title_17.png */ = {isa = PBXFileReference; lastKnownFileType = image.png; name = menu_title_17.png; path = images/hud/menu_title_17.png; sourceTree = "<group>"; };
		A36012441BE64C2B00FDB32D /* menu_title_18.png */ = {isa = PBXFileReference; lastKnownFileType = image.png; name = menu_title_18.png; path = images/hud/menu_title_18.png; sourceTree = "<group>"; };
		A36012451BE64C2B00FDB32D /* menu_title_19.png */ = {isa = PBXFileReference; lastKnownFileType = image.png; name = menu_title_19.png; path = images/hud/menu_title_19.png; sourceTree = "<group>"; };
		A36012591BE6530800FDB32D /* ouch_1.png */ = {isa = PBXFileReference; lastKnownFileType = image.png; name = ouch_1.png; path = images/heroes/box/ouch_1.png; sourceTree = "<group>"; };
		A360125A1BE6530800FDB32D /* ouch_2.png */ = {isa = PBXFileReference; lastKnownFileType = image.png; name = ouch_2.png; path = images/heroes/box/ouch_2.png; sourceTree = "<group>"; };
		A360125B1BE6530800FDB32D /* ouch_3.png */ = {isa = PBXFileReference; lastKnownFileType = image.png; name = ouch_3.png; path = images/heroes/box/ouch_3.png; sourceTree = "<group>"; };
		A360125C1BE6530800FDB32D /* ouch_4.png */ = {isa = PBXFileReference; lastKnownFileType = image.png; name = ouch_4.png; path = images/heroes/box/ouch_4.png; sourceTree = "<group>"; };
		A360125D1BE6530800FDB32D /* ouch_5.png */ = {isa = PBXFileReference; lastKnownFileType = image.png; name = ouch_5.png; path = images/heroes/box/ouch_5.png; sourceTree = "<group>"; };
		A360125E1BE6530800FDB32D /* ouch_6.png */ = {isa = PBXFileReference; lastKnownFileType = image.png; name = ouch_6.png; path = images/heroes/box/ouch_6.png; sourceTree = "<group>"; };
		A360125F1BE6530800FDB32D /* ouch_7.png */ = {isa = PBXFileReference; lastKnownFileType = image.png; name = ouch_7.png; path = images/heroes/box/ouch_7.png; sourceTree = "<group>"; };
		A36012601BE6530800FDB32D /* ouch_8.png */ = {isa = PBXFileReference; lastKnownFileType = image.png; name = ouch_8.png; path = images/heroes/box/ouch_8.png; sourceTree = "<group>"; };
		A36012611BE6530800FDB32D /* ouch_9.png */ = {isa = PBXFileReference; lastKnownFileType = image.png; name = ouch_9.png; path = images/heroes/box/ouch_9.png; sourceTree = "<group>"; };
		A360126B1BE6561D00FDB32D /* Decayable.swift */ = {isa = PBXFileReference; fileEncoding = 4; lastKnownFileType = sourcecode.swift; path = Decayable.swift; sourceTree = "<group>"; };
		A37673431BEB5D6C0079619A /* option_select.wav */ = {isa = PBXFileReference; lastKnownFileType = audio.wav; name = option_select.wav; path = sounds/option_select.wav; sourceTree = "<group>"; };
		A37673451BEB60330079619A /* throw_1.wav */ = {isa = PBXFileReference; lastKnownFileType = audio.wav; name = throw_1.wav; path = sounds/throw_1.wav; sourceTree = "<group>"; };
		A37673461BEB60330079619A /* throw_2.wav */ = {isa = PBXFileReference; lastKnownFileType = audio.wav; name = throw_2.wav; path = sounds/throw_2.wav; sourceTree = "<group>"; };
		A37673471BEB60330079619A /* throw_3.wav */ = {isa = PBXFileReference; lastKnownFileType = audio.wav; name = throw_3.wav; path = sounds/throw_3.wav; sourceTree = "<group>"; };
		A376734D1BEB64300079619A /* catch_1.wav */ = {isa = PBXFileReference; lastKnownFileType = audio.wav; name = catch_1.wav; path = sounds/catch_1.wav; sourceTree = "<group>"; };
		A376734E1BEB64300079619A /* catch_2.wav */ = {isa = PBXFileReference; lastKnownFileType = audio.wav; name = catch_2.wav; path = sounds/catch_2.wav; sourceTree = "<group>"; };
		A376734F1BEB64300079619A /* catch_3.wav */ = {isa = PBXFileReference; lastKnownFileType = audio.wav; name = catch_3.wav; path = sounds/catch_3.wav; sourceTree = "<group>"; };
		A37673551BEB917A0079619A /* break.wav */ = {isa = PBXFileReference; lastKnownFileType = audio.wav; name = break.wav; path = sounds/break.wav; sourceTree = "<group>"; };
		A37673571BEB92B80079619A /* brokenut_11.png */ = {isa = PBXFileReference; lastKnownFileType = image.png; name = brokenut_11.png; path = images/throwables/brokenut_11.png; sourceTree = "<group>"; };
		A37673581BEB92B80079619A /* brokenut_12.png */ = {isa = PBXFileReference; lastKnownFileType = image.png; name = brokenut_12.png; path = images/throwables/brokenut_12.png; sourceTree = "<group>"; };
		A37673591BEB92B80079619A /* brokenut_13.png */ = {isa = PBXFileReference; lastKnownFileType = image.png; name = brokenut_13.png; path = images/throwables/brokenut_13.png; sourceTree = "<group>"; };
		A376735D1BEBA8850079619A /* catch_9.png */ = {isa = PBXFileReference; lastKnownFileType = image.png; name = catch_9.png; path = images/heroes/box/catch_9.png; sourceTree = "<group>"; };
		A376735F1BEBA8EB0079619A /* catch_10.png */ = {isa = PBXFileReference; lastKnownFileType = image.png; name = catch_10.png; path = images/heroes/box/catch_10.png; sourceTree = "<group>"; };
		A37673611BEBA90F0079619A /* ouch_10.png */ = {isa = PBXFileReference; lastKnownFileType = image.png; name = ouch_10.png; path = images/heroes/box/ouch_10.png; sourceTree = "<group>"; };
		A37673631BEBB04D0079619A /* banana_splat_6.png */ = {isa = PBXFileReference; lastKnownFileType = image.png; name = banana_splat_6.png; path = images/throwables/banana_splat_6.png; sourceTree = "<group>"; };
		A37673671BEBB9200079619A /* BasketManMenu.swift */ = {isa = PBXFileReference; fileEncoding = 4; lastKnownFileType = sourcecode.swift; path = BasketManMenu.swift; sourceTree = "<group>"; };
		A37673691BEBB9520079619A /* idle_menu.png */ = {isa = PBXFileReference; lastKnownFileType = image.png; name = idle_menu.png; path = images/heroes/box/idle_menu.png; sourceTree = "<group>"; };
		A376736B1BEBC59B0079619A /* catch_menu_1.png */ = {isa = PBXFileReference; lastKnownFileType = image.png; name = catch_menu_1.png; path = images/heroes/box/catch_menu_1.png; sourceTree = "<group>"; };
		A376736C1BEBC59B0079619A /* catch_menu_2.png */ = {isa = PBXFileReference; lastKnownFileType = image.png; name = catch_menu_2.png; path = images/heroes/box/catch_menu_2.png; sourceTree = "<group>"; };
		A376736D1BEBC59B0079619A /* catch_menu_3.png */ = {isa = PBXFileReference; lastKnownFileType = image.png; name = catch_menu_3.png; path = images/heroes/box/catch_menu_3.png; sourceTree = "<group>"; };
		A376736E1BEBC59B0079619A /* catch_menu_4.png */ = {isa = PBXFileReference; lastKnownFileType = image.png; name = catch_menu_4.png; path = images/heroes/box/catch_menu_4.png; sourceTree = "<group>"; };
		A376736F1BEBC59B0079619A /* catch_menu_5.png */ = {isa = PBXFileReference; lastKnownFileType = image.png; name = catch_menu_5.png; path = images/heroes/box/catch_menu_5.png; sourceTree = "<group>"; };
		A37673701BEBC59B0079619A /* catch_menu_6.png */ = {isa = PBXFileReference; lastKnownFileType = image.png; name = catch_menu_6.png; path = images/heroes/box/catch_menu_6.png; sourceTree = "<group>"; };
		A37673711BEBC59B0079619A /* catch_menu_7.png */ = {isa = PBXFileReference; lastKnownFileType = image.png; name = catch_menu_7.png; path = images/heroes/box/catch_menu_7.png; sourceTree = "<group>"; };
		A37673721BEBC59B0079619A /* catch_menu_8.png */ = {isa = PBXFileReference; lastKnownFileType = image.png; name = catch_menu_8.png; path = images/heroes/box/catch_menu_8.png; sourceTree = "<group>"; };
		A37673731BEBC59B0079619A /* catch_menu_9.png */ = {isa = PBXFileReference; lastKnownFileType = image.png; name = catch_menu_9.png; path = images/heroes/box/catch_menu_9.png; sourceTree = "<group>"; };
		A37673741BEBC59B0079619A /* catch_menu_10.png */ = {isa = PBXFileReference; lastKnownFileType = image.png; name = catch_menu_10.png; path = images/heroes/box/catch_menu_10.png; sourceTree = "<group>"; };
		A37673751BEBC59B0079619A /* catch_menu_11.png */ = {isa = PBXFileReference; lastKnownFileType = image.png; name = catch_menu_11.png; path = images/heroes/box/catch_menu_11.png; sourceTree = "<group>"; };
		A37673761BEBC59B0079619A /* catch_menu_12.png */ = {isa = PBXFileReference; lastKnownFileType = image.png; name = catch_menu_12.png; path = images/heroes/box/catch_menu_12.png; sourceTree = "<group>"; };
		A37673771BEBC59B0079619A /* catch_menu_13.png */ = {isa = PBXFileReference; lastKnownFileType = image.png; name = catch_menu_13.png; path = images/heroes/box/catch_menu_13.png; sourceTree = "<group>"; };
		A37673781BEBC59B0079619A /* catch_menu_14.png */ = {isa = PBXFileReference; lastKnownFileType = image.png; name = catch_menu_14.png; path = images/heroes/box/catch_menu_14.png; sourceTree = "<group>"; };
		A37673791BEBC59B0079619A /* catch_menu_15.png */ = {isa = PBXFileReference; lastKnownFileType = image.png; name = catch_menu_15.png; path = images/heroes/box/catch_menu_15.png; sourceTree = "<group>"; };
		A376738B1BEBC7CD0079619A /* blink_menu_1.png */ = {isa = PBXFileReference; lastKnownFileType = image.png; name = blink_menu_1.png; path = images/heroes/box/blink_menu_1.png; sourceTree = "<group>"; };
		A376738C1BEBC7CD0079619A /* blink_menu_2.png */ = {isa = PBXFileReference; lastKnownFileType = image.png; name = blink_menu_2.png; path = images/heroes/box/blink_menu_2.png; sourceTree = "<group>"; };
		A376738D1BEBC7CD0079619A /* blink_menu_3.png */ = {isa = PBXFileReference; lastKnownFileType = image.png; name = blink_menu_3.png; path = images/heroes/box/blink_menu_3.png; sourceTree = "<group>"; };
		A37673911BEBC8210079619A /* blink_menu_4.png */ = {isa = PBXFileReference; lastKnownFileType = image.png; name = blink_menu_4.png; path = images/heroes/box/blink_menu_4.png; sourceTree = "<group>"; };
		A37D4B241BE379250071FFBF /* flying_1.png */ = {isa = PBXFileReference; lastKnownFileType = image.png; name = flying_1.png; path = images/monkey/flying_1.png; sourceTree = "<group>"; };
		A37D4B251BE379250071FFBF /* flying_2.png */ = {isa = PBXFileReference; lastKnownFileType = image.png; name = flying_2.png; path = images/monkey/flying_2.png; sourceTree = "<group>"; };
		A37D4B261BE379250071FFBF /* flying_3.png */ = {isa = PBXFileReference; lastKnownFileType = image.png; name = flying_3.png; path = images/monkey/flying_3.png; sourceTree = "<group>"; };
		A37D4B271BE379250071FFBF /* flying_4.png */ = {isa = PBXFileReference; lastKnownFileType = image.png; name = flying_4.png; path = images/monkey/flying_4.png; sourceTree = "<group>"; };
		A37D4B281BE379250071FFBF /* flying_5.png */ = {isa = PBXFileReference; lastKnownFileType = image.png; name = flying_5.png; path = images/monkey/flying_5.png; sourceTree = "<group>"; };
		A37D4B291BE379250071FFBF /* flying_6.png */ = {isa = PBXFileReference; lastKnownFileType = image.png; name = flying_6.png; path = images/monkey/flying_6.png; sourceTree = "<group>"; };
		A37D4B2A1BE379250071FFBF /* flying_7.png */ = {isa = PBXFileReference; lastKnownFileType = image.png; name = flying_7.png; path = images/monkey/flying_7.png; sourceTree = "<group>"; };
		A37D4B2B1BE379250071FFBF /* flying_8.png */ = {isa = PBXFileReference; lastKnownFileType = image.png; name = flying_8.png; path = images/monkey/flying_8.png; sourceTree = "<group>"; };
		A37D4B341BE3A2700071FFBF /* Coconut.swift */ = {isa = PBXFileReference; fileEncoding = 4; lastKnownFileType = sourcecode.swift; path = Coconut.swift; sourceTree = "<group>"; };
		A37D4B361BE3A29C0071FFBF /* coconut.png */ = {isa = PBXFileReference; lastKnownFileType = image.png; name = coconut.png; path = images/throwables/coconut.png; sourceTree = "<group>"; };
		A37D4B381BE3A4520071FFBF /* Throwable.swift */ = {isa = PBXFileReference; fileEncoding = 4; lastKnownFileType = sourcecode.swift; path = Throwable.swift; sourceTree = "<group>"; };
		A37D4B3E1BE3BC6B0071FFBF /* Brokenut.swift */ = {isa = PBXFileReference; fileEncoding = 4; lastKnownFileType = sourcecode.swift; path = Brokenut.swift; sourceTree = "<group>"; };
		A37D4B401BE3BC990071FFBF /* brokenut_1.png */ = {isa = PBXFileReference; lastKnownFileType = image.png; name = brokenut_1.png; path = images/throwables/brokenut_1.png; sourceTree = "<group>"; };
		A37D4B411BE3BC990071FFBF /* brokenut_2.png */ = {isa = PBXFileReference; lastKnownFileType = image.png; name = brokenut_2.png; path = images/throwables/brokenut_2.png; sourceTree = "<group>"; };
		A37D4B421BE3BC990071FFBF /* brokenut_3.png */ = {isa = PBXFileReference; lastKnownFileType = image.png; name = brokenut_3.png; path = images/throwables/brokenut_3.png; sourceTree = "<group>"; };
		A37D4B431BE3BC990071FFBF /* brokenut_4.png */ = {isa = PBXFileReference; lastKnownFileType = image.png; name = brokenut_4.png; path = images/throwables/brokenut_4.png; sourceTree = "<group>"; };
		A37D4B441BE3BC990071FFBF /* brokenut_5.png */ = {isa = PBXFileReference; lastKnownFileType = image.png; name = brokenut_5.png; path = images/throwables/brokenut_5.png; sourceTree = "<group>"; };
		A37D4B451BE3BC990071FFBF /* brokenut_6.png */ = {isa = PBXFileReference; lastKnownFileType = image.png; name = brokenut_6.png; path = images/throwables/brokenut_6.png; sourceTree = "<group>"; };
		A37D4B461BE3BC990071FFBF /* brokenut_7.png */ = {isa = PBXFileReference; lastKnownFileType = image.png; name = brokenut_7.png; path = images/throwables/brokenut_7.png; sourceTree = "<group>"; };
		A37D4B471BE3BC990071FFBF /* brokenut_8.png */ = {isa = PBXFileReference; lastKnownFileType = image.png; name = brokenut_8.png; path = images/throwables/brokenut_8.png; sourceTree = "<group>"; };
		A37D4B481BE3BC990071FFBF /* brokenut_9.png */ = {isa = PBXFileReference; lastKnownFileType = image.png; name = brokenut_9.png; path = images/throwables/brokenut_9.png; sourceTree = "<group>"; };
		A37D4B491BE3BC990071FFBF /* brokenut_10.png */ = {isa = PBXFileReference; lastKnownFileType = image.png; name = brokenut_10.png; path = images/throwables/brokenut_10.png; sourceTree = "<group>"; };
		A37D4B541BE52E830071FFBF /* background.png */ = {isa = PBXFileReference; lastKnownFileType = image.png; name = background.png; path = images/hud/background.png; sourceTree = "<group>"; };
		A396BB531BB6E517002F7231 /* ScoreLabel.swift */ = {isa = PBXFileReference; fileEncoding = 4; lastKnownFileType = sourcecode.swift; path = ScoreLabel.swift; sourceTree = "<group>"; };
		A396BB571BB6E840002F7231 /* Lives.swift */ = {isa = PBXFileReference; fileEncoding = 4; lastKnownFileType = sourcecode.swift; path = Lives.swift; sourceTree = "<group>"; };
		A3A79F8F1BA6D32A003C1F32 /* Banana Catcher.app */ = {isa = PBXFileReference; explicitFileType = wrapper.application; includeInIndex = 0; path = "Banana Catcher.app"; sourceTree = BUILT_PRODUCTS_DIR; };
		A3A79F921BA6D32A003C1F32 /* AppDelegate.swift */ = {isa = PBXFileReference; lastKnownFileType = sourcecode.swift; path = AppDelegate.swift; sourceTree = "<group>"; };
		A3A79F961BA6D32A003C1F32 /* GameScene.swift */ = {isa = PBXFileReference; lastKnownFileType = sourcecode.swift; path = GameScene.swift; sourceTree = "<group>"; };
		A3A79F981BA6D32A003C1F32 /* GameViewController.swift */ = {isa = PBXFileReference; lastKnownFileType = sourcecode.swift; path = GameViewController.swift; sourceTree = "<group>"; };
		A3A79F9B1BA6D32A003C1F32 /* Base */ = {isa = PBXFileReference; lastKnownFileType = file.storyboard; name = Base; path = Base.lproj/Main.storyboard; sourceTree = "<group>"; };
		A3A79F9D1BA6D32A003C1F32 /* Assets.xcassets */ = {isa = PBXFileReference; lastKnownFileType = folder.assetcatalog; path = Assets.xcassets; sourceTree = "<group>"; };
		A3A79FA01BA6D32A003C1F32 /* Base */ = {isa = PBXFileReference; lastKnownFileType = file.storyboard; name = Base; path = Base.lproj/LaunchScreen.storyboard; sourceTree = "<group>"; };
		A3A79FA21BA6D32A003C1F32 /* Info.plist */ = {isa = PBXFileReference; lastKnownFileType = text.plist.xml; path = Info.plist; sourceTree = "<group>"; };
		A3A79FA71BA6D32A003C1F32 /* Banana CatcherTests.xctest */ = {isa = PBXFileReference; explicitFileType = wrapper.cfbundle; includeInIndex = 0; path = "Banana CatcherTests.xctest"; sourceTree = BUILT_PRODUCTS_DIR; };
		A3A79FAB1BA6D32A003C1F32 /* Banana_CatcherTests.swift */ = {isa = PBXFileReference; lastKnownFileType = sourcecode.swift; path = Banana_CatcherTests.swift; sourceTree = "<group>"; };
		A3A79FAD1BA6D32A003C1F32 /* Info.plist */ = {isa = PBXFileReference; lastKnownFileType = text.plist.xml; path = Info.plist; sourceTree = "<group>"; };
		A3A79FB21BA6D32A003C1F32 /* Banana CatcherUITests.xctest */ = {isa = PBXFileReference; explicitFileType = wrapper.cfbundle; includeInIndex = 0; path = "Banana CatcherUITests.xctest"; sourceTree = BUILT_PRODUCTS_DIR; };
		A3A79FB61BA6D32A003C1F32 /* Banana_CatcherUITests.swift */ = {isa = PBXFileReference; lastKnownFileType = sourcecode.swift; path = Banana_CatcherUITests.swift; sourceTree = "<group>"; };
		A3A79FB81BA6D32A003C1F32 /* Info.plist */ = {isa = PBXFileReference; lastKnownFileType = text.plist.xml; path = Info.plist; sourceTree = "<group>"; };
		A3A79FC41BA6D46A003C1F32 /* MenuScene.swift */ = {isa = PBXFileReference; fileEncoding = 4; lastKnownFileType = sourcecode.swift; path = MenuScene.swift; sourceTree = "<group>"; };
		A3A79FD11BA6DA61003C1F32 /* BananaRain.sks */ = {isa = PBXFileReference; lastKnownFileType = file.sks; path = BananaRain.sks; sourceTree = "<group>"; };
		A3A79FD91BA6FE67003C1F32 /* BasketMan.swift */ = {isa = PBXFileReference; fileEncoding = 4; lastKnownFileType = sourcecode.swift; path = BasketMan.swift; sourceTree = "<group>"; };
		A3A79FDB1BA6FFDC003C1F32 /* Ground.swift */ = {isa = PBXFileReference; fileEncoding = 4; lastKnownFileType = sourcecode.swift; path = Ground.swift; sourceTree = "<group>"; };
		A3A79FDF1BA706C5003C1F32 /* EvilMonkey.swift */ = {isa = PBXFileReference; fileEncoding = 4; lastKnownFileType = sourcecode.swift; path = EvilMonkey.swift; sourceTree = "<group>"; };
		A3A79FE11BA70838003C1F32 /* Banana.swift */ = {isa = PBXFileReference; fileEncoding = 4; lastKnownFileType = sourcecode.swift; path = Banana.swift; sourceTree = "<group>"; };
		A3B9B11F1BECEA7500AB9709 /* Extensions.swift */ = {isa = PBXFileReference; fileEncoding = 4; lastKnownFileType = sourcecode.swift; path = Extensions.swift; sourceTree = "<group>"; };
		A3B9B1211BECF4D500AB9709 /* darkness_bottom.png */ = {isa = PBXFileReference; lastKnownFileType = image.png; name = darkness_bottom.png; path = images/hud/darkness_bottom.png; sourceTree = "<group>"; };
		A3B9B1221BECF4D500AB9709 /* darkness_top.png */ = {isa = PBXFileReference; lastKnownFileType = image.png; name = darkness_top.png; path = images/hud/darkness_top.png; sourceTree = "<group>"; };
		A3C20E951BED44BB002A179E /* GameOverLabel.swift */ = {isa = PBXFileReference; fileEncoding = 4; lastKnownFileType = sourcecode.swift; path = GameOverLabel.swift; sourceTree = "<group>"; };
		A3C955791BCA895B000E6274 /* blink_1.png */ = {isa = PBXFileReference; lastKnownFileType = image.png; name = blink_1.png; path = images/heroes/box/blink_1.png; sourceTree = "<group>"; };
		A3C9557A1BCA895B000E6274 /* blink_2.png */ = {isa = PBXFileReference; lastKnownFileType = image.png; name = blink_2.png; path = images/heroes/box/blink_2.png; sourceTree = "<group>"; };
		A3C9557B1BCA895B000E6274 /* blink_3.png */ = {isa = PBXFileReference; lastKnownFileType = image.png; name = blink_3.png; path = images/heroes/box/blink_3.png; sourceTree = "<group>"; };
		A3C9557D1BCA895B000E6274 /* catch_1.png */ = {isa = PBXFileReference; lastKnownFileType = image.png; name = catch_1.png; path = images/heroes/box/catch_1.png; sourceTree = "<group>"; };
		A3C9557E1BCA895B000E6274 /* catch_2.png */ = {isa = PBXFileReference; lastKnownFileType = image.png; name = catch_2.png; path = images/heroes/box/catch_2.png; sourceTree = "<group>"; };
		A3C9557F1BCA895B000E6274 /* catch_3.png */ = {isa = PBXFileReference; lastKnownFileType = image.png; name = catch_3.png; path = images/heroes/box/catch_3.png; sourceTree = "<group>"; };
		A3C955801BCA895B000E6274 /* catch_4.png */ = {isa = PBXFileReference; lastKnownFileType = image.png; name = catch_4.png; path = images/heroes/box/catch_4.png; sourceTree = "<group>"; };
		A3C955811BCA895B000E6274 /* catch_5.png */ = {isa = PBXFileReference; lastKnownFileType = image.png; name = catch_5.png; path = images/heroes/box/catch_5.png; sourceTree = "<group>"; };
		A3C955821BCA895B000E6274 /* catch_6.png */ = {isa = PBXFileReference; lastKnownFileType = image.png; name = catch_6.png; path = images/heroes/box/catch_6.png; sourceTree = "<group>"; };
		A3C955831BCA895B000E6274 /* catch_7.png */ = {isa = PBXFileReference; lastKnownFileType = image.png; name = catch_7.png; path = images/heroes/box/catch_7.png; sourceTree = "<group>"; };
		A3C955841BCA895B000E6274 /* catch_8.png */ = {isa = PBXFileReference; lastKnownFileType = image.png; name = catch_8.png; path = images/heroes/box/catch_8.png; sourceTree = "<group>"; };
		A3C955851BCA895B000E6274 /* idle.png */ = {isa = PBXFileReference; lastKnownFileType = image.png; name = idle.png; path = images/heroes/box/idle.png; sourceTree = "<group>"; };
		A3C955941BCA90A5000E6274 /* banana.png */ = {isa = PBXFileReference; lastKnownFileType = image.png; name = banana.png; path = images/throwables/banana.png; sourceTree = "<group>"; };
		A3C955971BCA943E000E6274 /* heart.png */ = {isa = PBXFileReference; lastKnownFileType = image.png; name = heart.png; path = images/hud/heart.png; sourceTree = "<group>"; };
		A3C955991BCACD91000E6274 /* banana_splat_1.png */ = {isa = PBXFileReference; lastKnownFileType = image.png; name = banana_splat_1.png; path = images/throwables/banana_splat_1.png; sourceTree = "<group>"; };
		A3C9559A1BCACD91000E6274 /* banana_splat_2.png */ = {isa = PBXFileReference; lastKnownFileType = image.png; name = banana_splat_2.png; path = images/throwables/banana_splat_2.png; sourceTree = "<group>"; };
		A3C9559D1BCACFCC000E6274 /* SplatBanana.swift */ = {isa = PBXFileReference; fileEncoding = 4; lastKnownFileType = sourcecode.swift; path = SplatBanana.swift; sourceTree = "<group>"; };
		A3EEC5B31BD6AFBF00A1D133 /* catch.wav */ = {isa = PBXFileReference; lastKnownFileType = audio.wav; name = catch.wav; path = sounds/catch.wav; sourceTree = "<group>"; };
		A3EEC5B41BD6AFBF00A1D133 /* splat.wav */ = {isa = PBXFileReference; lastKnownFileType = audio.wav; name = splat.wav; path = sounds/splat.wav; sourceTree = "<group>"; };
		A3F33D851BAD381F0038FDFB /* CollisionCategories.swift */ = {isa = PBXFileReference; fileEncoding = 4; lastKnownFileType = sourcecode.swift; path = CollisionCategories.swift; sourceTree = "<group>"; };
/* End PBXFileReference section */

/* Begin PBXFrameworksBuildPhase section */
		A3A79F8C1BA6D32A003C1F32 /* Frameworks */ = {
			isa = PBXFrameworksBuildPhase;
			buildActionMask = 2147483647;
			files = (
			);
			runOnlyForDeploymentPostprocessing = 0;
		};
		A3A79FA41BA6D32A003C1F32 /* Frameworks */ = {
			isa = PBXFrameworksBuildPhase;
			buildActionMask = 2147483647;
			files = (
			);
			runOnlyForDeploymentPostprocessing = 0;
		};
		A3A79FAF1BA6D32A003C1F32 /* Frameworks */ = {
			isa = PBXFrameworksBuildPhase;
			buildActionMask = 2147483647;
			files = (
			);
			runOnlyForDeploymentPostprocessing = 0;
		};
/* End PBXFrameworksBuildPhase section */

/* Begin PBXGroup section */
		A334927F1BEDE8B100A1FAE1 /* gamover */ = {
			isa = PBXGroup;
			children = (
				A334928B1BEDF34800A1FAE1 /* game_over_sob_1.png */,
				A334928C1BEDF34800A1FAE1 /* game_over_sob_2.png */,
				A334928D1BEDF34800A1FAE1 /* game_over_sob_3.png */,
				A334928E1BEDF34800A1FAE1 /* game_over_sob_4.png */,
				A334928F1BEDF34800A1FAE1 /* game_over_sob_5.png */,
				A33492901BEDF34800A1FAE1 /* game_over_sob_6.png */,
				A33492911BEDF34800A1FAE1 /* game_over_sob_7.png */,
				A33492921BEDF34800A1FAE1 /* game_over_sob_8.png */,
				A33492931BEDF34800A1FAE1 /* game_over_sob_9.png */,
				A33492941BEDF34800A1FAE1 /* game_over_sob_10.png */,
				A33492951BEDF34800A1FAE1 /* game_over_tears_1.png */,
				A33492961BEDF34800A1FAE1 /* game_over_tears_2.png */,
				A33492971BEDF34800A1FAE1 /* game_over_tears_3.png */,
				A33492981BEDF34800A1FAE1 /* game_over_tears_4.png */,
				A33492991BEDF34800A1FAE1 /* game_over_tears_5.png */,
			);
			name = gamover;
			sourceTree = "<group>";
		};
		A33492801BEDE8C500A1FAE1 /* buttons */ = {
			isa = PBXGroup;
			children = (
				A33492A91BEDF6D700A1FAE1 /* home.png */,
				A33492AA1BEDF6D700A1FAE1 /* how.png */,
				A33492AB1BEDF6D700A1FAE1 /* no_ads.png */,
				A33492AC1BEDF6D700A1FAE1 /* play_button.png */,
				A33492AD1BEDF6D700A1FAE1 /* rate.png */,
				A33492AE1BEDF6D700A1FAE1 /* retry_button.png */,
				A33492AF1BEDF6D700A1FAE1 /* sound_off.png */,
				A33492B01BEDF6D700A1FAE1 /* sound_on.png */,
			);
			name = buttons;
			sourceTree = "<group>";
		};
		A360126D1BE657C200FDB32D /* decayables */ = {
			isa = PBXGroup;
			children = (
				A360126B1BE6561D00FDB32D /* Decayable.swift */,
				A3C9559D1BCACFCC000E6274 /* SplatBanana.swift */,
				A37D4B3E1BE3BC6B0071FFBF /* Brokenut.swift */,
			);
			name = decayables;
			sourceTree = "<group>";
		};
		A37D4B231BE3790D0071FFBF /* monkey */ = {
			isa = PBXGroup;
			children = (
				A37D4B241BE379250071FFBF /* flying_1.png */,
				A37D4B251BE379250071FFBF /* flying_2.png */,
				A37D4B261BE379250071FFBF /* flying_3.png */,
				A37D4B271BE379250071FFBF /* flying_4.png */,
				A37D4B281BE379250071FFBF /* flying_5.png */,
				A37D4B291BE379250071FFBF /* flying_6.png */,
				A37D4B2A1BE379250071FFBF /* flying_7.png */,
				A37D4B2B1BE379250071FFBF /* flying_8.png */,
			);
			name = monkey;
			sourceTree = "<group>";
		};
		A37D4B3A1BE3AD860071FFBF /* sprites */ = {
			isa = PBXGroup;
			children = (
				A360126D1BE657C200FDB32D /* decayables */,
				A37D4B3D1BE3BC3E0071FFBF /* throwables */,
				A396BB571BB6E840002F7231 /* Lives.swift */,
				A3A79FD91BA6FE67003C1F32 /* BasketMan.swift */,
				A37673671BEBB9200079619A /* BasketManMenu.swift */,
				A3A79FDB1BA6FFDC003C1F32 /* Ground.swift */,
				A3A79FDF1BA706C5003C1F32 /* EvilMonkey.swift */,
			);
			name = sprites;
			sourceTree = "<group>";
		};
		A37D4B3B1BE3AEB90071FFBF /* scenes */ = {
			isa = PBXGroup;
			children = (
				A3A79F961BA6D32A003C1F32 /* GameScene.swift */,
				A3A79FC41BA6D46A003C1F32 /* MenuScene.swift */,
				A32A31FA1BB8114300A12214 /* GameOverScene.swift */,
			);
			name = scenes;
			sourceTree = "<group>";
		};
		A37D4B3C1BE3AEF70071FFBF /* labels */ = {
			isa = PBXGroup;
			children = (
				A396BB531BB6E517002F7231 /* ScoreLabel.swift */,
				A3C20E951BED44BB002A179E /* GameOverLabel.swift */,
				A32A31FE1BB81E3F00A12214 /* Label.swift */,
			);
			name = labels;
			sourceTree = "<group>";
		};
		A37D4B3D1BE3BC3E0071FFBF /* throwables */ = {
			isa = PBXGroup;
			children = (
				A37D4B381BE3A4520071FFBF /* Throwable.swift */,
				A3A79FE11BA70838003C1F32 /* Banana.swift */,
				A37D4B341BE3A2700071FFBF /* Coconut.swift */,
			);
			name = throwables;
			sourceTree = "<group>";
		};
		A3A79F861BA6D32A003C1F32 = {
			isa = PBXGroup;
			children = (
				A3A79F911BA6D32A003C1F32 /* Banana Catcher */,
				A3A79FAA1BA6D32A003C1F32 /* Banana CatcherTests */,
				A3A79FB51BA6D32A003C1F32 /* Banana CatcherUITests */,
				A3A79F901BA6D32A003C1F32 /* Products */,
			);
			sourceTree = "<group>";
		};
		A3A79F901BA6D32A003C1F32 /* Products */ = {
			isa = PBXGroup;
			children = (
				A3A79F8F1BA6D32A003C1F32 /* Banana Catcher.app */,
				A3A79FA71BA6D32A003C1F32 /* Banana CatcherTests.xctest */,
				A3A79FB21BA6D32A003C1F32 /* Banana CatcherUITests.xctest */,
			);
			name = Products;
			sourceTree = "<group>";
		};
		A3A79F911BA6D32A003C1F32 /* Banana Catcher */ = {
			isa = PBXGroup;
			children = (
				A37D4B3C1BE3AEF70071FFBF /* labels */,
				A37D4B3B1BE3AEB90071FFBF /* scenes */,
				A37D4B3A1BE3AD860071FFBF /* sprites */,
				A3EEC5B21BD6AFAD00A1D133 /* sounds */,
				A3A79FC81BA6D646003C1F32 /* images */,
				A3A79F921BA6D32A003C1F32 /* AppDelegate.swift */,
				A3F33D851BAD381F0038FDFB /* CollisionCategories.swift */,
				A3A79F981BA6D32A003C1F32 /* GameViewController.swift */,
				A3B9B11F1BECEA7500AB9709 /* Extensions.swift */,
				A3A79FD11BA6DA61003C1F32 /* BananaRain.sks */,
				A3A79F9A1BA6D32A003C1F32 /* Main.storyboard */,
				A3A79F9D1BA6D32A003C1F32 /* Assets.xcassets */,
				A3A79F9F1BA6D32A003C1F32 /* LaunchScreen.storyboard */,
				A3A79FA21BA6D32A003C1F32 /* Info.plist */,
			);
			path = "Banana Catcher";
			sourceTree = "<group>";
		};
		A3A79FAA1BA6D32A003C1F32 /* Banana CatcherTests */ = {
			isa = PBXGroup;
			children = (
				A3A79FAB1BA6D32A003C1F32 /* Banana_CatcherTests.swift */,
				A3A79FAD1BA6D32A003C1F32 /* Info.plist */,
			);
			path = "Banana CatcherTests";
			sourceTree = "<group>";
		};
		A3A79FB51BA6D32A003C1F32 /* Banana CatcherUITests */ = {
			isa = PBXGroup;
			children = (
				A3A79FB61BA6D32A003C1F32 /* Banana_CatcherUITests.swift */,
				A3A79FB81BA6D32A003C1F32 /* Info.plist */,
			);
			path = "Banana CatcherUITests";
			sourceTree = "<group>";
		};
		A3A79FC81BA6D646003C1F32 /* images */ = {
			isa = PBXGroup;
			children = (
				A33492801BEDE8C500A1FAE1 /* buttons */,
				A334927F1BEDE8B100A1FAE1 /* gamover */,
				A37D4B231BE3790D0071FFBF /* monkey */,
				A3C955961BCA942F000E6274 /* hud */,
				A3C955931BCA9092000E6274 /* throwables */,
				A3C955671BCA69B6000E6274 /* heroes */,
			);
			name = images;
			sourceTree = "<group>";
		};
		A3C955671BCA69B6000E6274 /* heroes */ = {
			isa = PBXGroup;
			children = (
				A3C955681BCA69BC000E6274 /* box */,
			);
			name = heroes;
			sourceTree = "<group>";
		};
		A3C955681BCA69BC000E6274 /* box */ = {
			isa = PBXGroup;
			children = (
				A36012591BE6530800FDB32D /* ouch_1.png */,
				A360125A1BE6530800FDB32D /* ouch_2.png */,
				A360125B1BE6530800FDB32D /* ouch_3.png */,
				A360125C1BE6530800FDB32D /* ouch_4.png */,
				A360125D1BE6530800FDB32D /* ouch_5.png */,
				A360125E1BE6530800FDB32D /* ouch_6.png */,
				A360125F1BE6530800FDB32D /* ouch_7.png */,
				A36012601BE6530800FDB32D /* ouch_8.png */,
				A36012611BE6530800FDB32D /* ouch_9.png */,
				A37673611BEBA90F0079619A /* ouch_10.png */,
				A3C955791BCA895B000E6274 /* blink_1.png */,
				A3C9557A1BCA895B000E6274 /* blink_2.png */,
				A3C9557B1BCA895B000E6274 /* blink_3.png */,
				A3C9557D1BCA895B000E6274 /* catch_1.png */,
				A3C9557E1BCA895B000E6274 /* catch_2.png */,
				A3C9557F1BCA895B000E6274 /* catch_3.png */,
				A3C955801BCA895B000E6274 /* catch_4.png */,
				A3C955811BCA895B000E6274 /* catch_5.png */,
				A3C955821BCA895B000E6274 /* catch_6.png */,
				A3C955831BCA895B000E6274 /* catch_7.png */,
				A3C955841BCA895B000E6274 /* catch_8.png */,
				A376735D1BEBA8850079619A /* catch_9.png */,
				A376735F1BEBA8EB0079619A /* catch_10.png */,
				A3C955851BCA895B000E6274 /* idle.png */,
				A37673691BEBB9520079619A /* idle_menu.png */,
				A376736B1BEBC59B0079619A /* catch_menu_1.png */,
				A376736C1BEBC59B0079619A /* catch_menu_2.png */,
				A376736D1BEBC59B0079619A /* catch_menu_3.png */,
				A376736E1BEBC59B0079619A /* catch_menu_4.png */,
				A376736F1BEBC59B0079619A /* catch_menu_5.png */,
				A37673701BEBC59B0079619A /* catch_menu_6.png */,
				A37673711BEBC59B0079619A /* catch_menu_7.png */,
				A37673721BEBC59B0079619A /* catch_menu_8.png */,
				A37673731BEBC59B0079619A /* catch_menu_9.png */,
				A37673741BEBC59B0079619A /* catch_menu_10.png */,
				A37673751BEBC59B0079619A /* catch_menu_11.png */,
				A37673761BEBC59B0079619A /* catch_menu_12.png */,
				A37673771BEBC59B0079619A /* catch_menu_13.png */,
				A37673781BEBC59B0079619A /* catch_menu_14.png */,
				A37673791BEBC59B0079619A /* catch_menu_15.png */,
				A376738B1BEBC7CD0079619A /* blink_menu_1.png */,
				A376738C1BEBC7CD0079619A /* blink_menu_2.png */,
				A376738D1BEBC7CD0079619A /* blink_menu_3.png */,
				A37673911BEBC8210079619A /* blink_menu_4.png */,
			);
			name = box;
			sourceTree = "<group>";
		};
		A3C955931BCA9092000E6274 /* throwables */ = {
			isa = PBXGroup;
			children = (
				A37D4B401BE3BC990071FFBF /* brokenut_1.png */,
				A37D4B411BE3BC990071FFBF /* brokenut_2.png */,
				A37D4B421BE3BC990071FFBF /* brokenut_3.png */,
				A37D4B431BE3BC990071FFBF /* brokenut_4.png */,
				A37D4B441BE3BC990071FFBF /* brokenut_5.png */,
				A37D4B451BE3BC990071FFBF /* brokenut_6.png */,
				A37D4B461BE3BC990071FFBF /* brokenut_7.png */,
				A37D4B471BE3BC990071FFBF /* brokenut_8.png */,
				A37D4B481BE3BC990071FFBF /* brokenut_9.png */,
				A37D4B491BE3BC990071FFBF /* brokenut_10.png */,
				A37673571BEB92B80079619A /* brokenut_11.png */,
				A37673581BEB92B80079619A /* brokenut_12.png */,
				A37673591BEB92B80079619A /* brokenut_13.png */,
				A3C955991BCACD91000E6274 /* banana_splat_1.png */,
				A3C9559A1BCACD91000E6274 /* banana_splat_2.png */,
				A3194FCA1BCD7A1800FD0122 /* banana_splat_3.png */,
				A3194FCB1BCD7A1800FD0122 /* banana_splat_4.png */,
				A3194FCC1BCD7A1800FD0122 /* banana_splat_5.png */,
				A37673631BEBB04D0079619A /* banana_splat_6.png */,
				A3C955941BCA90A5000E6274 /* banana.png */,
				A37D4B361BE3A29C0071FFBF /* coconut.png */,
			);
			name = throwables;
			sourceTree = "<group>";
		};
		A3C955961BCA942F000E6274 /* hud */ = {
			isa = PBXGroup;
			children = (
				A3B9B1211BECF4D500AB9709 /* darkness_bottom.png */,
				A3B9B1221BECF4D500AB9709 /* darkness_top.png */,
				A36012331BE64C2B00FDB32D /* menu_title_1.png */,
				A36012341BE64C2B00FDB32D /* menu_title_2.png */,
				A36012351BE64C2B00FDB32D /* menu_title_3.png */,
				A36012361BE64C2B00FDB32D /* menu_title_4.png */,
				A36012371BE64C2B00FDB32D /* menu_title_5.png */,
				A36012381BE64C2B00FDB32D /* menu_title_6.png */,
				A36012391BE64C2B00FDB32D /* menu_title_7.png */,
				A360123A1BE64C2B00FDB32D /* menu_title_8.png */,
				A360123B1BE64C2B00FDB32D /* menu_title_9.png */,
				A360123C1BE64C2B00FDB32D /* menu_title_10.png */,
				A360123D1BE64C2B00FDB32D /* menu_title_11.png */,
				A360123E1BE64C2B00FDB32D /* menu_title_12.png */,
				A360123F1BE64C2B00FDB32D /* menu_title_13.png */,
				A36012401BE64C2B00FDB32D /* menu_title_14.png */,
				A36012411BE64C2B00FDB32D /* menu_title_15.png */,
				A36012421BE64C2B00FDB32D /* menu_title_16.png */,
				A36012431BE64C2B00FDB32D /* menu_title_17.png */,
				A36012441BE64C2B00FDB32D /* menu_title_18.png */,
				A36012451BE64C2B00FDB32D /* menu_title_19.png */,
				A360122B1BE613D800FDB32D /* menu_ground.png */,
				A360122C1BE613D800FDB32D /* menu_sky.png */,
				A37D4B541BE52E830071FFBF /* background.png */,
				A3C955971BCA943E000E6274 /* heart.png */,
			);
			name = hud;
			sourceTree = "<group>";
		};
		A3EEC5B21BD6AFAD00A1D133 /* sounds */ = {
			isa = PBXGroup;
			children = (
				A37673551BEB917A0079619A /* break.wav */,
				A376734D1BEB64300079619A /* catch_1.wav */,
				A376734E1BEB64300079619A /* catch_2.wav */,
				A376734F1BEB64300079619A /* catch_3.wav */,
				A37673451BEB60330079619A /* throw_1.wav */,
				A37673461BEB60330079619A /* throw_2.wav */,
				A37673471BEB60330079619A /* throw_3.wav */,
				A37673431BEB5D6C0079619A /* option_select.wav */,
				A3EEC5B31BD6AFBF00A1D133 /* catch.wav */,
				A3EEC5B41BD6AFBF00A1D133 /* splat.wav */,
			);
			name = sounds;
			sourceTree = "<group>";
		};
/* End PBXGroup section */

/* Begin PBXNativeTarget section */
		A3A79F8E1BA6D32A003C1F32 /* Banana Catcher */ = {
			isa = PBXNativeTarget;
			buildConfigurationList = A3A79FBB1BA6D32A003C1F32 /* Build configuration list for PBXNativeTarget "Banana Catcher" */;
			buildPhases = (
				A3A79F8B1BA6D32A003C1F32 /* Sources */,
				A3A79F8C1BA6D32A003C1F32 /* Frameworks */,
				A3A79F8D1BA6D32A003C1F32 /* Resources */,
			);
			buildRules = (
			);
			dependencies = (
			);
			name = "Banana Catcher";
			productName = "Banana Catcher";
			productReference = A3A79F8F1BA6D32A003C1F32 /* Banana Catcher.app */;
			productType = "com.apple.product-type.application";
		};
		A3A79FA61BA6D32A003C1F32 /* Banana CatcherTests */ = {
			isa = PBXNativeTarget;
			buildConfigurationList = A3A79FBE1BA6D32A003C1F32 /* Build configuration list for PBXNativeTarget "Banana CatcherTests" */;
			buildPhases = (
				A3A79FA31BA6D32A003C1F32 /* Sources */,
				A3A79FA41BA6D32A003C1F32 /* Frameworks */,
				A3A79FA51BA6D32A003C1F32 /* Resources */,
			);
			buildRules = (
			);
			dependencies = (
				A3A79FA91BA6D32A003C1F32 /* PBXTargetDependency */,
			);
			name = "Banana CatcherTests";
			productName = "Banana CatcherTests";
			productReference = A3A79FA71BA6D32A003C1F32 /* Banana CatcherTests.xctest */;
			productType = "com.apple.product-type.bundle.unit-test";
		};
		A3A79FB11BA6D32A003C1F32 /* Banana CatcherUITests */ = {
			isa = PBXNativeTarget;
			buildConfigurationList = A3A79FC11BA6D32A003C1F32 /* Build configuration list for PBXNativeTarget "Banana CatcherUITests" */;
			buildPhases = (
				A3A79FAE1BA6D32A003C1F32 /* Sources */,
				A3A79FAF1BA6D32A003C1F32 /* Frameworks */,
				A3A79FB01BA6D32A003C1F32 /* Resources */,
			);
			buildRules = (
			);
			dependencies = (
				A3A79FB41BA6D32A003C1F32 /* PBXTargetDependency */,
			);
			name = "Banana CatcherUITests";
			productName = "Banana CatcherUITests";
			productReference = A3A79FB21BA6D32A003C1F32 /* Banana CatcherUITests.xctest */;
			productType = "com.apple.product-type.bundle.ui-testing";
		};
/* End PBXNativeTarget section */

/* Begin PBXProject section */
		A3A79F871BA6D32A003C1F32 /* Project object */ = {
			isa = PBXProject;
			attributes = {
				LastUpgradeCheck = 0710;
				ORGANIZATIONNAME = "Joel Chelliah";
				TargetAttributes = {
					A3A79F8E1BA6D32A003C1F32 = {
						CreatedOnToolsVersion = 7.1;
						DevelopmentTeam = 9NQ2459H97;
					};
					A3A79FA61BA6D32A003C1F32 = {
						CreatedOnToolsVersion = 7.1;
						TestTargetID = A3A79F8E1BA6D32A003C1F32;
					};
					A3A79FB11BA6D32A003C1F32 = {
						CreatedOnToolsVersion = 7.1;
						TestTargetID = A3A79F8E1BA6D32A003C1F32;
					};
				};
			};
			buildConfigurationList = A3A79F8A1BA6D32A003C1F32 /* Build configuration list for PBXProject "Banana Catcher" */;
			compatibilityVersion = "Xcode 3.2";
			developmentRegion = English;
			hasScannedForEncodings = 0;
			knownRegions = (
				en,
				Base,
			);
			mainGroup = A3A79F861BA6D32A003C1F32;
			productRefGroup = A3A79F901BA6D32A003C1F32 /* Products */;
			projectDirPath = "";
			projectRoot = "";
			targets = (
				A3A79F8E1BA6D32A003C1F32 /* Banana Catcher */,
				A3A79FA61BA6D32A003C1F32 /* Banana CatcherTests */,
				A3A79FB11BA6D32A003C1F32 /* Banana CatcherUITests */,
			);
		};
/* End PBXProject section */

/* Begin PBXResourcesBuildPhase section */
		A3A79F8D1BA6D32A003C1F32 /* Resources */ = {
			isa = PBXResourcesBuildPhase;
			buildActionMask = 2147483647;
			files = (
				A33492B21BEDF6D700A1FAE1 /* how.png in Resources */,
				A37D4B311BE379250071FFBF /* flying_6.png in Resources */,
				A33492B81BEDF6D700A1FAE1 /* sound_on.png in Resources */,
				A36012461BE64C2B00FDB32D /* menu_title_1.png in Resources */,
				A37D4B2C1BE379250071FFBF /* flying_1.png in Resources */,
				A37D4B4D1BE3BC990071FFBF /* brokenut_4.png in Resources */,
				A36012661BE6530800FDB32D /* ouch_5.png in Resources */,
				A3C9559B1BCACD91000E6274 /* banana_splat_1.png in Resources */,
				A37673511BEB64300079619A /* catch_1.wav in Resources */,
				A36012501BE64C2B00FDB32D /* menu_title_11.png in Resources */,
				A37D4B511BE3BC990071FFBF /* brokenut_8.png in Resources */,
				A3A79FD31BA6DA61003C1F32 /* BananaRain.sks in Resources */,
				A3C9558B1BCA895B000E6274 /* catch_2.png in Resources */,
				A37673871BEBC59B0079619A /* catch_menu_14.png in Resources */,
				A33492A51BEDF34800A1FAE1 /* game_over_tears_2.png in Resources */,
				A376737D1BEBC59B0079619A /* catch_menu_4.png in Resources */,
				A376737B1BEBC59B0079619A /* catch_menu_2.png in Resources */,
				A37D4B321BE379250071FFBF /* flying_7.png in Resources */,
				A37673521BEB64300079619A /* catch_2.wav in Resources */,
				A3C9558C1BCA895B000E6274 /* catch_3.png in Resources */,
				A36012491BE64C2B00FDB32D /* menu_title_4.png in Resources */,
				A37D4B4E1BE3BC990071FFBF /* brokenut_5.png in Resources */,
				A376736A1BEBB9520079619A /* idle_menu.png in Resources */,
				A376737F1BEBC59B0079619A /* catch_menu_6.png in Resources */,
				A334929B1BEDF34800A1FAE1 /* game_over_sob_2.png in Resources */,
				A376738E1BEBC7CD0079619A /* blink_menu_1.png in Resources */,
				A36012691BE6530800FDB32D /* ouch_8.png in Resources */,
				A3C955911BCA895B000E6274 /* catch_8.png in Resources */,
				A33492B31BEDF6D700A1FAE1 /* no_ads.png in Resources */,
				A3B9B1241BECF4D500AB9709 /* darkness_top.png in Resources */,
				A37673921BEBC8210079619A /* blink_menu_4.png in Resources */,
				A360124F1BE64C2B00FDB32D /* menu_title_10.png in Resources */,
				A37D4B531BE3BC990071FFBF /* brokenut_10.png in Resources */,
				A3C955871BCA895B000E6274 /* blink_2.png in Resources */,
				A376735C1BEB92B80079619A /* brokenut_13.png in Resources */,
				A37673881BEBC59B0079619A /* catch_menu_15.png in Resources */,
				A37D4B2F1BE379250071FFBF /* flying_4.png in Resources */,
				A360124B1BE64C2B00FDB32D /* menu_title_6.png in Resources */,
				A33492B71BEDF6D700A1FAE1 /* sound_off.png in Resources */,
				A360126A1BE6530800FDB32D /* ouch_9.png in Resources */,
				A33492B11BEDF6D700A1FAE1 /* home.png in Resources */,
				A3C9558E1BCA895B000E6274 /* catch_5.png in Resources */,
				A334929D1BEDF34800A1FAE1 /* game_over_sob_4.png in Resources */,
				A33492A61BEDF34800A1FAE1 /* game_over_tears_3.png in Resources */,
				A360124E1BE64C2B00FDB32D /* menu_title_9.png in Resources */,
				A33492B41BEDF6D700A1FAE1 /* play_button.png in Resources */,
				A360122E1BE613D800FDB32D /* menu_sky.png in Resources */,
				A33492B61BEDF6D700A1FAE1 /* retry_button.png in Resources */,
				A33492A21BEDF34800A1FAE1 /* game_over_sob_9.png in Resources */,
				A37D4B4B1BE3BC990071FFBF /* brokenut_2.png in Resources */,
				A334929C1BEDF34800A1FAE1 /* game_over_sob_3.png in Resources */,
				A3C955901BCA895B000E6274 /* catch_7.png in Resources */,
				A37673811BEBC59B0079619A /* catch_menu_8.png in Resources */,
				A3C955921BCA895B000E6274 /* idle.png in Resources */,
				A37673861BEBC59B0079619A /* catch_menu_13.png in Resources */,
				A37D4B4A1BE3BC990071FFBF /* brokenut_1.png in Resources */,
				A37D4B301BE379250071FFBF /* flying_5.png in Resources */,
				A3C9558A1BCA895B000E6274 /* catch_1.png in Resources */,
				A33492A31BEDF34800A1FAE1 /* game_over_sob_10.png in Resources */,
				A33492A71BEDF34800A1FAE1 /* game_over_tears_4.png in Resources */,
				A3A79FA11BA6D32A003C1F32 /* LaunchScreen.storyboard in Resources */,
				A37D4B371BE3A29C0071FFBF /* coconut.png in Resources */,
				A36012561BE64C2B00FDB32D /* menu_title_17.png in Resources */,
				A36012631BE6530800FDB32D /* ouch_2.png in Resources */,
				A3EEC5B71BD6AFBF00A1D133 /* splat.wav in Resources */,
				A37D4B4F1BE3BC990071FFBF /* brokenut_6.png in Resources */,
				A37D4B2E1BE379250071FFBF /* flying_3.png in Resources */,
				A37673641BEBB04D0079619A /* banana_splat_6.png in Resources */,
				A3C955881BCA895B000E6274 /* blink_3.png in Resources */,
				A36012511BE64C2B00FDB32D /* menu_title_12.png in Resources */,
				A376735B1BEB92B80079619A /* brokenut_12.png in Resources */,
				A37673831BEBC59B0079619A /* catch_menu_10.png in Resources */,
				A3C955951BCA90A5000E6274 /* banana.png in Resources */,
				A37D4B551BE52E830071FFBF /* background.png in Resources */,
				A37D4B331BE379250071FFBF /* flying_8.png in Resources */,
				A360124D1BE64C2B00FDB32D /* menu_title_8.png in Resources */,
				A36012471BE64C2B00FDB32D /* menu_title_2.png in Resources */,
				A37673801BEBC59B0079619A /* catch_menu_7.png in Resources */,
				A37673441BEB5D6C0079619A /* option_select.wav in Resources */,
				A360122D1BE613D800FDB32D /* menu_ground.png in Resources */,
				A37673901BEBC7CD0079619A /* blink_menu_3.png in Resources */,
				A334929A1BEDF34800A1FAE1 /* game_over_sob_1.png in Resources */,
				A33492A81BEDF34800A1FAE1 /* game_over_tears_5.png in Resources */,
				A36012681BE6530800FDB32D /* ouch_7.png in Resources */,
				A37673531BEB64300079619A /* catch_3.wav in Resources */,
				A360124C1BE64C2B00FDB32D /* menu_title_7.png in Resources */,
				A376735A1BEB92B80079619A /* brokenut_11.png in Resources */,
				A334929F1BEDF34800A1FAE1 /* game_over_sob_6.png in Resources */,
				A3194FCD1BCD7A1800FD0122 /* banana_splat_3.png in Resources */,
				A3C9559C1BCACD91000E6274 /* banana_splat_2.png in Resources */,
				A376738F1BEBC7CD0079619A /* blink_menu_2.png in Resources */,
				A334929E1BEDF34800A1FAE1 /* game_over_sob_5.png in Resources */,
				A3B9B1231BECF4D500AB9709 /* darkness_bottom.png in Resources */,
				A36012671BE6530800FDB32D /* ouch_6.png in Resources */,
				A36012481BE64C2B00FDB32D /* menu_title_3.png in Resources */,
				A3C9558D1BCA895B000E6274 /* catch_4.png in Resources */,
				A37673601BEBA8EB0079619A /* catch_10.png in Resources */,
				A376735E1BEBA8850079619A /* catch_9.png in Resources */,
				A37673561BEB917A0079619A /* break.wav in Resources */,
				A37D4B501BE3BC990071FFBF /* brokenut_7.png in Resources */,
				A36012651BE6530800FDB32D /* ouch_4.png in Resources */,
				A36012581BE64C2B00FDB32D /* menu_title_19.png in Resources */,
				A3C955981BCA943E000E6274 /* heart.png in Resources */,
				A376734A1BEB60330079619A /* throw_3.wav in Resources */,
				A3C955861BCA895B000E6274 /* blink_1.png in Resources */,
				A360124A1BE64C2B00FDB32D /* menu_title_5.png in Resources */,
				A36012551BE64C2B00FDB32D /* menu_title_16.png in Resources */,
				A37673851BEBC59B0079619A /* catch_menu_12.png in Resources */,
				A33492A01BEDF34800A1FAE1 /* game_over_sob_7.png in Resources */,
				A3194FCF1BCD7A1800FD0122 /* banana_splat_5.png in Resources */,
				A33492B51BEDF6D700A1FAE1 /* rate.png in Resources */,
				A3EEC5B61BD6AFBF00A1D133 /* catch.wav in Resources */,
				A36012541BE64C2B00FDB32D /* menu_title_15.png in Resources */,
				A37D4B2D1BE379250071FFBF /* flying_2.png in Resources */,
				A37673491BEB60330079619A /* throw_2.wav in Resources */,
				A3C9558F1BCA895B000E6274 /* catch_6.png in Resources */,
				A3A79F9E1BA6D32A003C1F32 /* Assets.xcassets in Resources */,
				A33492A41BEDF34800A1FAE1 /* game_over_tears_1.png in Resources */,
				A37673621BEBA90F0079619A /* ouch_10.png in Resources */,
				A36012571BE64C2B00FDB32D /* menu_title_18.png in Resources */,
				A376737A1BEBC59B0079619A /* catch_menu_1.png in Resources */,
				A3A79F9C1BA6D32A003C1F32 /* Main.storyboard in Resources */,
				A36012621BE6530800FDB32D /* ouch_1.png in Resources */,
				A3194FCE1BCD7A1800FD0122 /* banana_splat_4.png in Resources */,
				A36012531BE64C2B00FDB32D /* menu_title_14.png in Resources */,
				A33492A11BEDF34800A1FAE1 /* game_over_sob_8.png in Resources */,
				A376737E1BEBC59B0079619A /* catch_menu_5.png in Resources */,
				A36012521BE64C2B00FDB32D /* menu_title_13.png in Resources */,
				A37673841BEBC59B0079619A /* catch_menu_11.png in Resources */,
				A37673821BEBC59B0079619A /* catch_menu_9.png in Resources */,
				A37D4B4C1BE3BC990071FFBF /* brokenut_3.png in Resources */,
				A376737C1BEBC59B0079619A /* catch_menu_3.png in Resources */,
				A37673481BEB60330079619A /* throw_1.wav in Resources */,
				A36012641BE6530800FDB32D /* ouch_3.png in Resources */,
				A37D4B521BE3BC990071FFBF /* brokenut_9.png in Resources */,
			);
			runOnlyForDeploymentPostprocessing = 0;
		};
		A3A79FA51BA6D32A003C1F32 /* Resources */ = {
			isa = PBXResourcesBuildPhase;
			buildActionMask = 2147483647;
			files = (
			);
			runOnlyForDeploymentPostprocessing = 0;
		};
		A3A79FB01BA6D32A003C1F32 /* Resources */ = {
			isa = PBXResourcesBuildPhase;
			buildActionMask = 2147483647;
			files = (
			);
			runOnlyForDeploymentPostprocessing = 0;
		};
/* End PBXResourcesBuildPhase section */

/* Begin PBXSourcesBuildPhase section */
		A3A79F8B1BA6D32A003C1F32 /* Sources */ = {
			isa = PBXSourcesBuildPhase;
			buildActionMask = 2147483647;
			files = (
				A396BB581BB6E840002F7231 /* Lives.swift in Sources */,
				A3A79F971BA6D32A003C1F32 /* GameScene.swift in Sources */,
				A37D4B351BE3A2700071FFBF /* Coconut.swift in Sources */,
				A3A79FDC1BA6FFDC003C1F32 /* Ground.swift in Sources */,
				A3A79FC51BA6D46A003C1F32 /* MenuScene.swift in Sources */,
				A3F33D861BAD381F0038FDFB /* CollisionCategories.swift in Sources */,
				A37D4B3F1BE3BC6B0071FFBF /* Brokenut.swift in Sources */,
				A3A79F991BA6D32A003C1F32 /* GameViewController.swift in Sources */,
				A3A79FDA1BA6FE67003C1F32 /* BasketMan.swift in Sources */,
				A32A31FB1BB8114300A12214 /* GameOverScene.swift in Sources */,
				A3A79FE01BA706C5003C1F32 /* EvilMonkey.swift in Sources */,
				A360126C1BE6561D00FDB32D /* Decayable.swift in Sources */,
				A3B9B1201BECEA7500AB9709 /* Extensions.swift in Sources */,
				A3C20E961BED44BB002A179E /* GameOverLabel.swift in Sources */,
				A37673681BEBB9200079619A /* BasketManMenu.swift in Sources */,
				A3A79FE21BA70838003C1F32 /* Banana.swift in Sources */,
				A37D4B391BE3A4520071FFBF /* Throwable.swift in Sources */,
				A3C9559E1BCACFCC000E6274 /* SplatBanana.swift in Sources */,
				A396BB541BB6E517002F7231 /* ScoreLabel.swift in Sources */,
				A32A31FF1BB81E3F00A12214 /* Label.swift in Sources */,
				A3A79F931BA6D32A003C1F32 /* AppDelegate.swift in Sources */,
			);
			runOnlyForDeploymentPostprocessing = 0;
		};
		A3A79FA31BA6D32A003C1F32 /* Sources */ = {
			isa = PBXSourcesBuildPhase;
			buildActionMask = 2147483647;
			files = (
				A3A79FAC1BA6D32A003C1F32 /* Banana_CatcherTests.swift in Sources */,
			);
			runOnlyForDeploymentPostprocessing = 0;
		};
		A3A79FAE1BA6D32A003C1F32 /* Sources */ = {
			isa = PBXSourcesBuildPhase;
			buildActionMask = 2147483647;
			files = (
				A3A79FB71BA6D32A003C1F32 /* Banana_CatcherUITests.swift in Sources */,
			);
			runOnlyForDeploymentPostprocessing = 0;
		};
/* End PBXSourcesBuildPhase section */

/* Begin PBXTargetDependency section */
		A3A79FA91BA6D32A003C1F32 /* PBXTargetDependency */ = {
			isa = PBXTargetDependency;
			target = A3A79F8E1BA6D32A003C1F32 /* Banana Catcher */;
			targetProxy = A3A79FA81BA6D32A003C1F32 /* PBXContainerItemProxy */;
		};
		A3A79FB41BA6D32A003C1F32 /* PBXTargetDependency */ = {
			isa = PBXTargetDependency;
			target = A3A79F8E1BA6D32A003C1F32 /* Banana Catcher */;
			targetProxy = A3A79FB31BA6D32A003C1F32 /* PBXContainerItemProxy */;
		};
/* End PBXTargetDependency section */

/* Begin PBXVariantGroup section */
		A3A79F9A1BA6D32A003C1F32 /* Main.storyboard */ = {
			isa = PBXVariantGroup;
			children = (
				A3A79F9B1BA6D32A003C1F32 /* Base */,
			);
			name = Main.storyboard;
			sourceTree = "<group>";
		};
		A3A79F9F1BA6D32A003C1F32 /* LaunchScreen.storyboard */ = {
			isa = PBXVariantGroup;
			children = (
				A3A79FA01BA6D32A003C1F32 /* Base */,
			);
			name = LaunchScreen.storyboard;
			sourceTree = "<group>";
		};
/* End PBXVariantGroup section */

/* Begin XCBuildConfiguration section */
		A3A79FB91BA6D32A003C1F32 /* Debug */ = {
			isa = XCBuildConfiguration;
			buildSettings = {
				ALWAYS_SEARCH_USER_PATHS = NO;
				CLANG_CXX_LANGUAGE_STANDARD = "gnu++0x";
				CLANG_CXX_LIBRARY = "libc++";
				CLANG_ENABLE_MODULES = YES;
				CLANG_ENABLE_OBJC_ARC = YES;
				CLANG_WARN_BOOL_CONVERSION = YES;
				CLANG_WARN_CONSTANT_CONVERSION = YES;
				CLANG_WARN_DIRECT_OBJC_ISA_USAGE = YES_ERROR;
				CLANG_WARN_EMPTY_BODY = YES;
				CLANG_WARN_ENUM_CONVERSION = YES;
				CLANG_WARN_INT_CONVERSION = YES;
				CLANG_WARN_OBJC_ROOT_CLASS = YES_ERROR;
				CLANG_WARN_UNREACHABLE_CODE = YES;
				CLANG_WARN__DUPLICATE_METHOD_MATCH = YES;
				"CODE_SIGN_IDENTITY[sdk=iphoneos*]" = "iPhone Developer";
				COPY_PHASE_STRIP = NO;
				DEBUG_INFORMATION_FORMAT = "dwarf-with-dsym";
				ENABLE_STRICT_OBJC_MSGSEND = YES;
				ENABLE_TESTABILITY = YES;
				GCC_C_LANGUAGE_STANDARD = gnu99;
				GCC_DYNAMIC_NO_PIC = NO;
				GCC_NO_COMMON_BLOCKS = YES;
				GCC_OPTIMIZATION_LEVEL = 0;
				GCC_PREPROCESSOR_DEFINITIONS = (
					"DEBUG=1",
					"$(inherited)",
				);
				GCC_WARN_64_TO_32_BIT_CONVERSION = YES;
				GCC_WARN_ABOUT_RETURN_TYPE = YES_ERROR;
				GCC_WARN_UNDECLARED_SELECTOR = YES;
				GCC_WARN_UNINITIALIZED_AUTOS = YES_AGGRESSIVE;
				GCC_WARN_UNUSED_FUNCTION = YES;
				GCC_WARN_UNUSED_VARIABLE = YES;
				IPHONEOS_DEPLOYMENT_TARGET = 9.1;
				MTL_ENABLE_DEBUG_INFO = YES;
				ONLY_ACTIVE_ARCH = YES;
				SDKROOT = iphoneos;
				SWIFT_OPTIMIZATION_LEVEL = "-Onone";
			};
			name = Debug;
		};
		A3A79FBA1BA6D32A003C1F32 /* Release */ = {
			isa = XCBuildConfiguration;
			buildSettings = {
				ALWAYS_SEARCH_USER_PATHS = NO;
				CLANG_CXX_LANGUAGE_STANDARD = "gnu++0x";
				CLANG_CXX_LIBRARY = "libc++";
				CLANG_ENABLE_MODULES = YES;
				CLANG_ENABLE_OBJC_ARC = YES;
				CLANG_WARN_BOOL_CONVERSION = YES;
				CLANG_WARN_CONSTANT_CONVERSION = YES;
				CLANG_WARN_DIRECT_OBJC_ISA_USAGE = YES_ERROR;
				CLANG_WARN_EMPTY_BODY = YES;
				CLANG_WARN_ENUM_CONVERSION = YES;
				CLANG_WARN_INT_CONVERSION = YES;
				CLANG_WARN_OBJC_ROOT_CLASS = YES_ERROR;
				CLANG_WARN_UNREACHABLE_CODE = YES;
				CLANG_WARN__DUPLICATE_METHOD_MATCH = YES;
				"CODE_SIGN_IDENTITY[sdk=iphoneos*]" = "iPhone Developer";
				COPY_PHASE_STRIP = NO;
				DEBUG_INFORMATION_FORMAT = "dwarf-with-dsym";
				ENABLE_NS_ASSERTIONS = NO;
				ENABLE_STRICT_OBJC_MSGSEND = YES;
				GCC_C_LANGUAGE_STANDARD = gnu99;
				GCC_NO_COMMON_BLOCKS = YES;
				GCC_WARN_64_TO_32_BIT_CONVERSION = YES;
				GCC_WARN_ABOUT_RETURN_TYPE = YES_ERROR;
				GCC_WARN_UNDECLARED_SELECTOR = YES;
				GCC_WARN_UNINITIALIZED_AUTOS = YES_AGGRESSIVE;
				GCC_WARN_UNUSED_FUNCTION = YES;
				GCC_WARN_UNUSED_VARIABLE = YES;
				IPHONEOS_DEPLOYMENT_TARGET = 9.1;
				MTL_ENABLE_DEBUG_INFO = NO;
				SDKROOT = iphoneos;
				VALIDATE_PRODUCT = YES;
			};
			name = Release;
		};
		A3A79FBC1BA6D32A003C1F32 /* Debug */ = {
			isa = XCBuildConfiguration;
			buildSettings = {
				ASSETCATALOG_COMPILER_APPICON_NAME = AppIcon;
				CODE_SIGN_IDENTITY = "iPhone Developer";
				INFOPLIST_FILE = "Banana Catcher/Info.plist";
				IPHONEOS_DEPLOYMENT_TARGET = 8.0;
				LD_RUNPATH_SEARCH_PATHS = "$(inherited) @executable_path/Frameworks";
				PRODUCT_BUNDLE_IDENTIFIER = "com.cookiemagik.Banana-Catcher";
				PRODUCT_NAME = "$(TARGET_NAME)";
			};
			name = Debug;
		};
		A3A79FBD1BA6D32A003C1F32 /* Release */ = {
			isa = XCBuildConfiguration;
			buildSettings = {
				ASSETCATALOG_COMPILER_APPICON_NAME = AppIcon;
				CODE_SIGN_IDENTITY = "iPhone Developer";
				INFOPLIST_FILE = "Banana Catcher/Info.plist";
				IPHONEOS_DEPLOYMENT_TARGET = 8.0;
				LD_RUNPATH_SEARCH_PATHS = "$(inherited) @executable_path/Frameworks";
				PRODUCT_BUNDLE_IDENTIFIER = "com.cookiemagik.Banana-Catcher";
				PRODUCT_NAME = "$(TARGET_NAME)";
			};
			name = Release;
		};
		A3A79FBF1BA6D32A003C1F32 /* Debug */ = {
			isa = XCBuildConfiguration;
			buildSettings = {
				BUNDLE_LOADER = "$(TEST_HOST)";
				DEBUG_INFORMATION_FORMAT = dwarf;
				INFOPLIST_FILE = "Banana CatcherTests/Info.plist";
				LD_RUNPATH_SEARCH_PATHS = "$(inherited) @executable_path/Frameworks @loader_path/Frameworks";
				PRODUCT_BUNDLE_IDENTIFIER = "com.cookiemagik.Banana-CatcherTests";
				PRODUCT_NAME = "$(TARGET_NAME)";
				TEST_HOST = "$(BUILT_PRODUCTS_DIR)/Banana Catcher.app/Banana Catcher";
			};
			name = Debug;
		};
		A3A79FC01BA6D32A003C1F32 /* Release */ = {
			isa = XCBuildConfiguration;
			buildSettings = {
				BUNDLE_LOADER = "$(TEST_HOST)";
				INFOPLIST_FILE = "Banana CatcherTests/Info.plist";
				LD_RUNPATH_SEARCH_PATHS = "$(inherited) @executable_path/Frameworks @loader_path/Frameworks";
				PRODUCT_BUNDLE_IDENTIFIER = "com.cookiemagik.Banana-CatcherTests";
				PRODUCT_NAME = "$(TARGET_NAME)";
				TEST_HOST = "$(BUILT_PRODUCTS_DIR)/Banana Catcher.app/Banana Catcher";
			};
			name = Release;
		};
		A3A79FC21BA6D32A003C1F32 /* Debug */ = {
			isa = XCBuildConfiguration;
			buildSettings = {
				DEBUG_INFORMATION_FORMAT = dwarf;
				INFOPLIST_FILE = "Banana CatcherUITests/Info.plist";
				LD_RUNPATH_SEARCH_PATHS = "$(inherited) @executable_path/Frameworks @loader_path/Frameworks";
				PRODUCT_BUNDLE_IDENTIFIER = "com.cookiemagik.Banana-CatcherUITests";
				PRODUCT_NAME = "$(TARGET_NAME)";
				TEST_TARGET_NAME = "Banana Catcher";
				USES_XCTRUNNER = YES;
			};
			name = Debug;
		};
		A3A79FC31BA6D32A003C1F32 /* Release */ = {
			isa = XCBuildConfiguration;
			buildSettings = {
				INFOPLIST_FILE = "Banana CatcherUITests/Info.plist";
				LD_RUNPATH_SEARCH_PATHS = "$(inherited) @executable_path/Frameworks @loader_path/Frameworks";
				PRODUCT_BUNDLE_IDENTIFIER = "com.cookiemagik.Banana-CatcherUITests";
				PRODUCT_NAME = "$(TARGET_NAME)";
				TEST_TARGET_NAME = "Banana Catcher";
				USES_XCTRUNNER = YES;
			};
			name = Release;
		};
/* End XCBuildConfiguration section */

/* Begin XCConfigurationList section */
		A3A79F8A1BA6D32A003C1F32 /* Build configuration list for PBXProject "Banana Catcher" */ = {
			isa = XCConfigurationList;
			buildConfigurations = (
				A3A79FB91BA6D32A003C1F32 /* Debug */,
				A3A79FBA1BA6D32A003C1F32 /* Release */,
			);
			defaultConfigurationIsVisible = 0;
			defaultConfigurationName = Release;
		};
		A3A79FBB1BA6D32A003C1F32 /* Build configuration list for PBXNativeTarget "Banana Catcher" */ = {
			isa = XCConfigurationList;
			buildConfigurations = (
				A3A79FBC1BA6D32A003C1F32 /* Debug */,
				A3A79FBD1BA6D32A003C1F32 /* Release */,
			);
			defaultConfigurationIsVisible = 0;
			defaultConfigurationName = Release;
		};
		A3A79FBE1BA6D32A003C1F32 /* Build configuration list for PBXNativeTarget "Banana CatcherTests" */ = {
			isa = XCConfigurationList;
			buildConfigurations = (
				A3A79FBF1BA6D32A003C1F32 /* Debug */,
				A3A79FC01BA6D32A003C1F32 /* Release */,
			);
			defaultConfigurationIsVisible = 0;
			defaultConfigurationName = Release;
		};
		A3A79FC11BA6D32A003C1F32 /* Build configuration list for PBXNativeTarget "Banana CatcherUITests" */ = {
			isa = XCConfigurationList;
			buildConfigurations = (
				A3A79FC21BA6D32A003C1F32 /* Debug */,
				A3A79FC31BA6D32A003C1F32 /* Release */,
			);
			defaultConfigurationIsVisible = 0;
			defaultConfigurationName = Release;
		};
/* End XCConfigurationList section */
	};
	rootObject = A3A79F871BA6D32A003C1F32 /* Project object */;
}
