// !$*UTF8*$!
{
	archiveVersion = 1;
	classes = {
	};
	objectVersion = 46;
	objects = {

/* Begin PBXBuildFile section */
		A396BB541BB6E517002F7231 /* ScoreLabel.swift in Sources */ = {isa = PBXBuildFile; fileRef = A396BB531BB6E517002F7231 /* ScoreLabel.swift */; settings = {ASSET_TAGS = (); }; };
		A3A79F931BA6D32A003C1F32 /* AppDelegate.swift in Sources */ = {isa = PBXBuildFile; fileRef = A3A79F921BA6D32A003C1F32 /* AppDelegate.swift */; };
		A3A79F971BA6D32A003C1F32 /* GameScene.swift in Sources */ = {isa = PBXBuildFile; fileRef = A3A79F961BA6D32A003C1F32 /* GameScene.swift */; };
		A3A79F991BA6D32A003C1F32 /* GameViewController.swift in Sources */ = {isa = PBXBuildFile; fileRef = A3A79F981BA6D32A003C1F32 /* GameViewController.swift */; };
		A3A79F9C1BA6D32A003C1F32 /* Main.storyboard in Resources */ = {isa = PBXBuildFile; fileRef = A3A79F9A1BA6D32A003C1F32 /* Main.storyboard */; };
		A3A79F9E1BA6D32A003C1F32 /* Assets.xcassets in Resources */ = {isa = PBXBuildFile; fileRef = A3A79F9D1BA6D32A003C1F32 /* Assets.xcassets */; };
		A3A79FA11BA6D32A003C1F32 /* LaunchScreen.storyboard in Resources */ = {isa = PBXBuildFile; fileRef = A3A79F9F1BA6D32A003C1F32 /* LaunchScreen.storyboard */; };
		A3A79FAC1BA6D32A003C1F32 /* Banana_CatcherTests.swift in Sources */ = {isa = PBXBuildFile; fileRef = A3A79FAB1BA6D32A003C1F32 /* Banana_CatcherTests.swift */; };
		A3A79FB71BA6D32A003C1F32 /* Banana_CatcherUITests.swift in Sources */ = {isa = PBXBuildFile; fileRef = A3A79FB61BA6D32A003C1F32 /* Banana_CatcherUITests.swift */; };
		A3A79FC51BA6D46A003C1F32 /* MenuScene.swift in Sources */ = {isa = PBXBuildFile; fileRef = A3A79FC41BA6D46A003C1F32 /* MenuScene.swift */; };
		A3A79FC71BA6D535003C1F32 /* RotatingText.swift in Sources */ = {isa = PBXBuildFile; fileRef = A3A79FC61BA6D535003C1F32 /* RotatingText.swift */; };
		A3A79FCA1BA6D670003C1F32 /* newgamebtn.png in Resources */ = {isa = PBXBuildFile; fileRef = A3A79FC91BA6D670003C1F32 /* newgamebtn.png */; };
		A3A79FCC1BA6D9E1003C1F32 /* banana.png in Resources */ = {isa = PBXBuildFile; fileRef = A3A79FCB1BA6D9E1003C1F32 /* banana.png */; };
		A3A79FD31BA6DA61003C1F32 /* BananaRain.sks in Resources */ = {isa = PBXBuildFile; fileRef = A3A79FD11BA6DA61003C1F32 /* BananaRain.sks */; };
		A3A79FD61BA6E22D003C1F32 /* ground.png in Resources */ = {isa = PBXBuildFile; fileRef = A3A79FD51BA6E22D003C1F32 /* ground.png */; };
		A3A79FD81BA6FD55003C1F32 /* box.png in Resources */ = {isa = PBXBuildFile; fileRef = A3A79FD71BA6FD55003C1F32 /* box.png */; };
		A3A79FDA1BA6FE67003C1F32 /* BasketMan.swift in Sources */ = {isa = PBXBuildFile; fileRef = A3A79FD91BA6FE67003C1F32 /* BasketMan.swift */; };
		A3A79FDC1BA6FFDC003C1F32 /* Ground.swift in Sources */ = {isa = PBXBuildFile; fileRef = A3A79FDB1BA6FFDC003C1F32 /* Ground.swift */; };
		A3A79FDE1BA705C4003C1F32 /* evil-monkey.png in Resources */ = {isa = PBXBuildFile; fileRef = A3A79FDD1BA705C4003C1F32 /* evil-monkey.png */; };
		A3A79FE01BA706C5003C1F32 /* EvilMonkey.swift in Sources */ = {isa = PBXBuildFile; fileRef = A3A79FDF1BA706C5003C1F32 /* EvilMonkey.swift */; };
		A3A79FE21BA70838003C1F32 /* Banana.swift in Sources */ = {isa = PBXBuildFile; fileRef = A3A79FE11BA70838003C1F32 /* Banana.swift */; };
		A3F33D861BAD381F0038FDFB /* CollisionCategories.swift in Sources */ = {isa = PBXBuildFile; fileRef = A3F33D851BAD381F0038FDFB /* CollisionCategories.swift */; settings = {ASSET_TAGS = (); }; };
/* End PBXBuildFile section */

/* Begin PBXContainerItemProxy section */
		A3A79FA81BA6D32A003C1F32 /* PBXContainerItemProxy */ = {
			isa = PBXContainerItemProxy;
			containerPortal = A3A79F871BA6D32A003C1F32 /* Project object */;
			proxyType = 1;
			remoteGlobalIDString = A3A79F8E1BA6D32A003C1F32;
			remoteInfo = "Banana Catcher";
		};
		A3A79FB31BA6D32A003C1F32 /* PBXContainerItemProxy */ = {
			isa = PBXContainerItemProxy;
			containerPortal = A3A79F871BA6D32A003C1F32 /* Project object */;
			proxyType = 1;
			remoteGlobalIDString = A3A79F8E1BA6D32A003C1F32;
			remoteInfo = "Banana Catcher";
		};
/* End PBXContainerItemProxy section */

/* Begin PBXFileReference section */
		A396BB531BB6E517002F7231 /* ScoreLabel.swift */ = {isa = PBXFileReference; fileEncoding = 4; lastKnownFileType = sourcecode.swift; path = ScoreLabel.swift; sourceTree = "<group>"; };
		A3A79F8F1BA6D32A003C1F32 /* Banana Catcher.app */ = {isa = PBXFileReference; explicitFileType = wrapper.application; includeInIndex = 0; path = "Banana Catcher.app"; sourceTree = BUILT_PRODUCTS_DIR; };
		A3A79F921BA6D32A003C1F32 /* AppDelegate.swift */ = {isa = PBXFileReference; lastKnownFileType = sourcecode.swift; path = AppDelegate.swift; sourceTree = "<group>"; };
		A3A79F961BA6D32A003C1F32 /* GameScene.swift */ = {isa = PBXFileReference; lastKnownFileType = sourcecode.swift; path = GameScene.swift; sourceTree = "<group>"; };
		A3A79F981BA6D32A003C1F32 /* GameViewController.swift */ = {isa = PBXFileReference; lastKnownFileType = sourcecode.swift; path = GameViewController.swift; sourceTree = "<group>"; };
		A3A79F9B1BA6D32A003C1F32 /* Base */ = {isa = PBXFileReference; lastKnownFileType = file.storyboard; name = Base; path = Base.lproj/Main.storyboard; sourceTree = "<group>"; };
		A3A79F9D1BA6D32A003C1F32 /* Assets.xcassets */ = {isa = PBXFileReference; lastKnownFileType = folder.assetcatalog; path = Assets.xcassets; sourceTree = "<group>"; };
		A3A79FA01BA6D32A003C1F32 /* Base */ = {isa = PBXFileReference; lastKnownFileType = file.storyboard; name = Base; path = Base.lproj/LaunchScreen.storyboard; sourceTree = "<group>"; };
		A3A79FA21BA6D32A003C1F32 /* Info.plist */ = {isa = PBXFileReference; lastKnownFileType = text.plist.xml; path = Info.plist; sourceTree = "<group>"; };
		A3A79FA71BA6D32A003C1F32 /* Banana CatcherTests.xctest */ = {isa = PBXFileReference; explicitFileType = wrapper.cfbundle; includeInIndex = 0; path = "Banana CatcherTests.xctest"; sourceTree = BUILT_PRODUCTS_DIR; };
		A3A79FAB1BA6D32A003C1F32 /* Banana_CatcherTests.swift */ = {isa = PBXFileReference; lastKnownFileType = sourcecode.swift; path = Banana_CatcherTests.swift; sourceTree = "<group>"; };
		A3A79FAD1BA6D32A003C1F32 /* Info.plist */ = {isa = PBXFileReference; lastKnownFileType = text.plist.xml; path = Info.plist; sourceTree = "<group>"; };
		A3A79FB21BA6D32A003C1F32 /* Banana CatcherUITests.xctest */ = {isa = PBXFileReference; explicitFileType = wrapper.cfbundle; includeInIndex = 0; path = "Banana CatcherUITests.xctest"; sourceTree = BUILT_PRODUCTS_DIR; };
		A3A79FB61BA6D32A003C1F32 /* Banana_CatcherUITests.swift */ = {isa = PBXFileReference; lastKnownFileType = sourcecode.swift; path = Banana_CatcherUITests.swift; sourceTree = "<group>"; };
		A3A79FB81BA6D32A003C1F32 /* Info.plist */ = {isa = PBXFileReference; lastKnownFileType = text.plist.xml; path = Info.plist; sourceTree = "<group>"; };
		A3A79FC41BA6D46A003C1F32 /* MenuScene.swift */ = {isa = PBXFileReference; fileEncoding = 4; lastKnownFileType = sourcecode.swift; path = MenuScene.swift; sourceTree = "<group>"; };
		A3A79FC61BA6D535003C1F32 /* RotatingText.swift */ = {isa = PBXFileReference; fileEncoding = 4; lastKnownFileType = sourcecode.swift; path = RotatingText.swift; sourceTree = "<group>"; };
		A3A79FC91BA6D670003C1F32 /* newgamebtn.png */ = {isa = PBXFileReference; lastKnownFileType = image.png; path = newgamebtn.png; sourceTree = "<group>"; };
		A3A79FCB1BA6D9E1003C1F32 /* banana.png */ = {isa = PBXFileReference; lastKnownFileType = image.png; path = banana.png; sourceTree = "<group>"; };
		A3A79FD11BA6DA61003C1F32 /* BananaRain.sks */ = {isa = PBXFileReference; lastKnownFileType = file.sks; path = BananaRain.sks; sourceTree = "<group>"; };
		A3A79FD51BA6E22D003C1F32 /* ground.png */ = {isa = PBXFileReference; lastKnownFileType = image.png; path = ground.png; sourceTree = "<group>"; };
		A3A79FD71BA6FD55003C1F32 /* box.png */ = {isa = PBXFileReference; lastKnownFileType = image.png; path = box.png; sourceTree = "<group>"; };
		A3A79FD91BA6FE67003C1F32 /* BasketMan.swift */ = {isa = PBXFileReference; fileEncoding = 4; lastKnownFileType = sourcecode.swift; path = BasketMan.swift; sourceTree = "<group>"; };
		A3A79FDB1BA6FFDC003C1F32 /* Ground.swift */ = {isa = PBXFileReference; fileEncoding = 4; lastKnownFileType = sourcecode.swift; path = Ground.swift; sourceTree = "<group>"; };
		A3A79FDD1BA705C4003C1F32 /* evil-monkey.png */ = {isa = PBXFileReference; lastKnownFileType = image.png; path = "evil-monkey.png"; sourceTree = "<group>"; };
		A3A79FDF1BA706C5003C1F32 /* EvilMonkey.swift */ = {isa = PBXFileReference; fileEncoding = 4; lastKnownFileType = sourcecode.swift; path = EvilMonkey.swift; sourceTree = "<group>"; };
		A3A79FE11BA70838003C1F32 /* Banana.swift */ = {isa = PBXFileReference; fileEncoding = 4; lastKnownFileType = sourcecode.swift; path = Banana.swift; sourceTree = "<group>"; };
		A3F33D851BAD381F0038FDFB /* CollisionCategories.swift */ = {isa = PBXFileReference; fileEncoding = 4; lastKnownFileType = sourcecode.swift; path = CollisionCategories.swift; sourceTree = "<group>"; };
/* End PBXFileReference section */

/* Begin PBXFrameworksBuildPhase section */
		A3A79F8C1BA6D32A003C1F32 /* Frameworks */ = {
			isa = PBXFrameworksBuildPhase;
			buildActionMask = 2147483647;
			files = (
			);
			runOnlyForDeploymentPostprocessing = 0;
		};
		A3A79FA41BA6D32A003C1F32 /* Frameworks */ = {
			isa = PBXFrameworksBuildPhase;
			buildActionMask = 2147483647;
			files = (
			);
			runOnlyForDeploymentPostprocessing = 0;
		};
		A3A79FAF1BA6D32A003C1F32 /* Frameworks */ = {
			isa = PBXFrameworksBuildPhase;
			buildActionMask = 2147483647;
			files = (
			);
			runOnlyForDeploymentPostprocessing = 0;
		};
/* End PBXFrameworksBuildPhase section */

/* Begin PBXGroup section */
		A3A79F861BA6D32A003C1F32 = {
			isa = PBXGroup;
			children = (
				A3A79F911BA6D32A003C1F32 /* Banana Catcher */,
				A3A79FAA1BA6D32A003C1F32 /* Banana CatcherTests */,
				A3A79FB51BA6D32A003C1F32 /* Banana CatcherUITests */,
				A3A79F901BA6D32A003C1F32 /* Products */,
			);
			sourceTree = "<group>";
		};
		A3A79F901BA6D32A003C1F32 /* Products */ = {
			isa = PBXGroup;
			children = (
				A3A79F8F1BA6D32A003C1F32 /* Banana Catcher.app */,
				A3A79FA71BA6D32A003C1F32 /* Banana CatcherTests.xctest */,
				A3A79FB21BA6D32A003C1F32 /* Banana CatcherUITests.xctest */,
			);
			name = Products;
			sourceTree = "<group>";
		};
		A3A79F911BA6D32A003C1F32 /* Banana Catcher */ = {
			isa = PBXGroup;
			children = (
				A3A79FC81BA6D646003C1F32 /* images */,
				A3A79F921BA6D32A003C1F32 /* AppDelegate.swift */,
				A3A79F961BA6D32A003C1F32 /* GameScene.swift */,
				A3F33D851BAD381F0038FDFB /* CollisionCategories.swift */,
				A3A79FD91BA6FE67003C1F32 /* BasketMan.swift */,
				A3A79FDB1BA6FFDC003C1F32 /* Ground.swift */,
				A3A79FDF1BA706C5003C1F32 /* EvilMonkey.swift */,
				A3A79FE11BA70838003C1F32 /* Banana.swift */,
				A3A79F981BA6D32A003C1F32 /* GameViewController.swift */,
				A3A79FD11BA6DA61003C1F32 /* BananaRain.sks */,
				A3A79FC41BA6D46A003C1F32 /* MenuScene.swift */,
				A3A79FC61BA6D535003C1F32 /* RotatingText.swift */,
				A396BB531BB6E517002F7231 /* ScoreLabel.swift */,
				A3A79F9A1BA6D32A003C1F32 /* Main.storyboard */,
				A3A79F9D1BA6D32A003C1F32 /* Assets.xcassets */,
				A3A79F9F1BA6D32A003C1F32 /* LaunchScreen.storyboard */,
				A3A79FA21BA6D32A003C1F32 /* Info.plist */,
			);
			path = "Banana Catcher";
			sourceTree = "<group>";
		};
		A3A79FAA1BA6D32A003C1F32 /* Banana CatcherTests */ = {
			isa = PBXGroup;
			children = (
				A3A79FAB1BA6D32A003C1F32 /* Banana_CatcherTests.swift */,
				A3A79FAD1BA6D32A003C1F32 /* Info.plist */,
			);
			path = "Banana CatcherTests";
			sourceTree = "<group>";
		};
		A3A79FB51BA6D32A003C1F32 /* Banana CatcherUITests */ = {
			isa = PBXGroup;
			children = (
				A3A79FB61BA6D32A003C1F32 /* Banana_CatcherUITests.swift */,
				A3A79FB81BA6D32A003C1F32 /* Info.plist */,
			);
			path = "Banana CatcherUITests";
			sourceTree = "<group>";
		};
		A3A79FC81BA6D646003C1F32 /* images */ = {
			isa = PBXGroup;
			children = (
				A3A79FDD1BA705C4003C1F32 /* evil-monkey.png */,
				A3A79FD71BA6FD55003C1F32 /* box.png */,
				A3A79FD51BA6E22D003C1F32 /* ground.png */,
				A3A79FCB1BA6D9E1003C1F32 /* banana.png */,
				A3A79FC91BA6D670003C1F32 /* newgamebtn.png */,
			);
			name = images;
			sourceTree = "<group>";
		};
/* End PBXGroup section */

/* Begin PBXNativeTarget section */
		A3A79F8E1BA6D32A003C1F32 /* Banana Catcher */ = {
			isa = PBXNativeTarget;
			buildConfigurationList = A3A79FBB1BA6D32A003C1F32 /* Build configuration list for PBXNativeTarget "Banana Catcher" */;
			buildPhases = (
				A3A79F8B1BA6D32A003C1F32 /* Sources */,
				A3A79F8C1BA6D32A003C1F32 /* Frameworks */,
				A3A79F8D1BA6D32A003C1F32 /* Resources */,
			);
			buildRules = (
			);
			dependencies = (
			);
			name = "Banana Catcher";
			productName = "Banana Catcher";
			productReference = A3A79F8F1BA6D32A003C1F32 /* Banana Catcher.app */;
			productType = "com.apple.product-type.application";
		};
		A3A79FA61BA6D32A003C1F32 /* Banana CatcherTests */ = {
			isa = PBXNativeTarget;
			buildConfigurationList = A3A79FBE1BA6D32A003C1F32 /* Build configuration list for PBXNativeTarget "Banana CatcherTests" */;
			buildPhases = (
				A3A79FA31BA6D32A003C1F32 /* Sources */,
				A3A79FA41BA6D32A003C1F32 /* Frameworks */,
				A3A79FA51BA6D32A003C1F32 /* Resources */,
			);
			buildRules = (
			);
			dependencies = (
				A3A79FA91BA6D32A003C1F32 /* PBXTargetDependency */,
			);
			name = "Banana CatcherTests";
			productName = "Banana CatcherTests";
			productReference = A3A79FA71BA6D32A003C1F32 /* Banana CatcherTests.xctest */;
			productType = "com.apple.product-type.bundle.unit-test";
		};
		A3A79FB11BA6D32A003C1F32 /* Banana CatcherUITests */ = {
			isa = PBXNativeTarget;
			buildConfigurationList = A3A79FC11BA6D32A003C1F32 /* Build configuration list for PBXNativeTarget "Banana CatcherUITests" */;
			buildPhases = (
				A3A79FAE1BA6D32A003C1F32 /* Sources */,
				A3A79FAF1BA6D32A003C1F32 /* Frameworks */,
				A3A79FB01BA6D32A003C1F32 /* Resources */,
			);
			buildRules = (
			);
			dependencies = (
				A3A79FB41BA6D32A003C1F32 /* PBXTargetDependency */,
			);
			name = "Banana CatcherUITests";
			productName = "Banana CatcherUITests";
			productReference = A3A79FB21BA6D32A003C1F32 /* Banana CatcherUITests.xctest */;
			productType = "com.apple.product-type.bundle.ui-testing";
		};
/* End PBXNativeTarget section */

/* Begin PBXProject section */
		A3A79F871BA6D32A003C1F32 /* Project object */ = {
			isa = PBXProject;
			attributes = {
				LastUpgradeCheck = 0710;
				ORGANIZATIONNAME = "Joel Chelliah";
				TargetAttributes = {
					A3A79F8E1BA6D32A003C1F32 = {
						CreatedOnToolsVersion = 7.1;
						DevelopmentTeam = 9NQ2459H97;
					};
					A3A79FA61BA6D32A003C1F32 = {
						CreatedOnToolsVersion = 7.1;
						TestTargetID = A3A79F8E1BA6D32A003C1F32;
					};
					A3A79FB11BA6D32A003C1F32 = {
						CreatedOnToolsVersion = 7.1;
						TestTargetID = A3A79F8E1BA6D32A003C1F32;
					};
				};
			};
			buildConfigurationList = A3A79F8A1BA6D32A003C1F32 /* Build configuration list for PBXProject "Banana Catcher" */;
			compatibilityVersion = "Xcode 3.2";
			developmentRegion = English;
			hasScannedForEncodings = 0;
			knownRegions = (
				en,
				Base,
			);
			mainGroup = A3A79F861BA6D32A003C1F32;
			productRefGroup = A3A79F901BA6D32A003C1F32 /* Products */;
			projectDirPath = "";
			projectRoot = "";
			targets = (
				A3A79F8E1BA6D32A003C1F32 /* Banana Catcher */,
				A3A79FA61BA6D32A003C1F32 /* Banana CatcherTests */,
				A3A79FB11BA6D32A003C1F32 /* Banana CatcherUITests */,
			);
		};
/* End PBXProject section */

/* Begin PBXResourcesBuildPhase section */
		A3A79F8D1BA6D32A003C1F32 /* Resources */ = {
			isa = PBXResourcesBuildPhase;
			buildActionMask = 2147483647;
			files = (
				A3A79FDE1BA705C4003C1F32 /* evil-monkey.png in Resources */,
				A3A79FD31BA6DA61003C1F32 /* BananaRain.sks in Resources */,
				A3A79FA11BA6D32A003C1F32 /* LaunchScreen.storyboard in Resources */,
				A3A79FCA1BA6D670003C1F32 /* newgamebtn.png in Resources */,
				A3A79FD81BA6FD55003C1F32 /* box.png in Resources */,
				A3A79F9E1BA6D32A003C1F32 /* Assets.xcassets in Resources */,
				A3A79F9C1BA6D32A003C1F32 /* Main.storyboard in Resources */,
				A3A79FD61BA6E22D003C1F32 /* ground.png in Resources */,
				A3A79FCC1BA6D9E1003C1F32 /* banana.png in Resources */,
			);
			runOnlyForDeploymentPostprocessing = 0;
		};
		A3A79FA51BA6D32A003C1F32 /* Resources */ = {
			isa = PBXResourcesBuildPhase;
			buildActionMask = 2147483647;
			files = (
			);
			runOnlyForDeploymentPostprocessing = 0;
		};
		A3A79FB01BA6D32A003C1F32 /* Resources */ = {
			isa = PBXResourcesBuildPhase;
			buildActionMask = 2147483647;
			files = (
			);
			runOnlyForDeploymentPostprocessing = 0;
		};
/* End PBXResourcesBuildPhase section */

/* Begin PBXSourcesBuildPhase section */
		A3A79F8B1BA6D32A003C1F32 /* Sources */ = {
			isa = PBXSourcesBuildPhase;
			buildActionMask = 2147483647;
			files = (
				A3A79FC71BA6D535003C1F32 /* RotatingText.swift in Sources */,
				A3A79F971BA6D32A003C1F32 /* GameScene.swift in Sources */,
				A3A79FDC1BA6FFDC003C1F32 /* Ground.swift in Sources */,
				A3A79FC51BA6D46A003C1F32 /* MenuScene.swift in Sources */,
				A3F33D861BAD381F0038FDFB /* CollisionCategories.swift in Sources */,
				A3A79F991BA6D32A003C1F32 /* GameViewController.swift in Sources */,
				A3A79FDA1BA6FE67003C1F32 /* BasketMan.swift in Sources */,
				A3A79FE01BA706C5003C1F32 /* EvilMonkey.swift in Sources */,
				A3A79FE21BA70838003C1F32 /* Banana.swift in Sources */,
				A396BB541BB6E517002F7231 /* ScoreLabel.swift in Sources */,
				A3A79F931BA6D32A003C1F32 /* AppDelegate.swift in Sources */,
			);
			runOnlyForDeploymentPostprocessing = 0;
		};
		A3A79FA31BA6D32A003C1F32 /* Sources */ = {
			isa = PBXSourcesBuildPhase;
			buildActionMask = 2147483647;
			files = (
				A3A79FAC1BA6D32A003C1F32 /* Banana_CatcherTests.swift in Sources */,
			);
			runOnlyForDeploymentPostprocessing = 0;
		};
		A3A79FAE1BA6D32A003C1F32 /* Sources */ = {
			isa = PBXSourcesBuildPhase;
			buildActionMask = 2147483647;
			files = (
				A3A79FB71BA6D32A003C1F32 /* Banana_CatcherUITests.swift in Sources */,
			);
			runOnlyForDeploymentPostprocessing = 0;
		};
/* End PBXSourcesBuildPhase section */

/* Begin PBXTargetDependency section */
		A3A79FA91BA6D32A003C1F32 /* PBXTargetDependency */ = {
			isa = PBXTargetDependency;
			target = A3A79F8E1BA6D32A003C1F32 /* Banana Catcher */;
			targetProxy = A3A79FA81BA6D32A003C1F32 /* PBXContainerItemProxy */;
		};
		A3A79FB41BA6D32A003C1F32 /* PBXTargetDependency */ = {
			isa = PBXTargetDependency;
			target = A3A79F8E1BA6D32A003C1F32 /* Banana Catcher */;
			targetProxy = A3A79FB31BA6D32A003C1F32 /* PBXContainerItemProxy */;
		};
/* End PBXTargetDependency section */

/* Begin PBXVariantGroup section */
		A3A79F9A1BA6D32A003C1F32 /* Main.storyboard */ = {
			isa = PBXVariantGroup;
			children = (
				A3A79F9B1BA6D32A003C1F32 /* Base */,
			);
			name = Main.storyboard;
			sourceTree = "<group>";
		};
		A3A79F9F1BA6D32A003C1F32 /* LaunchScreen.storyboard */ = {
			isa = PBXVariantGroup;
			children = (
				A3A79FA01BA6D32A003C1F32 /* Base */,
			);
			name = LaunchScreen.storyboard;
			sourceTree = "<group>";
		};
/* End PBXVariantGroup section */

/* Begin XCBuildConfiguration section */
		A3A79FB91BA6D32A003C1F32 /* Debug */ = {
			isa = XCBuildConfiguration;
			buildSettings = {
				ALWAYS_SEARCH_USER_PATHS = NO;
				CLANG_CXX_LANGUAGE_STANDARD = "gnu++0x";
				CLANG_CXX_LIBRARY = "libc++";
				CLANG_ENABLE_MODULES = YES;
				CLANG_ENABLE_OBJC_ARC = YES;
				CLANG_WARN_BOOL_CONVERSION = YES;
				CLANG_WARN_CONSTANT_CONVERSION = YES;
				CLANG_WARN_DIRECT_OBJC_ISA_USAGE = YES_ERROR;
				CLANG_WARN_EMPTY_BODY = YES;
				CLANG_WARN_ENUM_CONVERSION = YES;
				CLANG_WARN_INT_CONVERSION = YES;
				CLANG_WARN_OBJC_ROOT_CLASS = YES_ERROR;
				CLANG_WARN_UNREACHABLE_CODE = YES;
				CLANG_WARN__DUPLICATE_METHOD_MATCH = YES;
				"CODE_SIGN_IDENTITY[sdk=iphoneos*]" = "iPhone Developer";
				COPY_PHASE_STRIP = NO;
				DEBUG_INFORMATION_FORMAT = "dwarf-with-dsym";
				ENABLE_STRICT_OBJC_MSGSEND = YES;
				ENABLE_TESTABILITY = YES;
				GCC_C_LANGUAGE_STANDARD = gnu99;
				GCC_DYNAMIC_NO_PIC = NO;
				GCC_NO_COMMON_BLOCKS = YES;
				GCC_OPTIMIZATION_LEVEL = 0;
				GCC_PREPROCESSOR_DEFINITIONS = (
					"DEBUG=1",
					"$(inherited)",
				);
				GCC_WARN_64_TO_32_BIT_CONVERSION = YES;
				GCC_WARN_ABOUT_RETURN_TYPE = YES_ERROR;
				GCC_WARN_UNDECLARED_SELECTOR = YES;
				GCC_WARN_UNINITIALIZED_AUTOS = YES_AGGRESSIVE;
				GCC_WARN_UNUSED_FUNCTION = YES;
				GCC_WARN_UNUSED_VARIABLE = YES;
				IPHONEOS_DEPLOYMENT_TARGET = 9.1;
				MTL_ENABLE_DEBUG_INFO = YES;
				ONLY_ACTIVE_ARCH = YES;
				SDKROOT = iphoneos;
				SWIFT_OPTIMIZATION_LEVEL = "-Onone";
			};
			name = Debug;
		};
		A3A79FBA1BA6D32A003C1F32 /* Release */ = {
			isa = XCBuildConfiguration;
			buildSettings = {
				ALWAYS_SEARCH_USER_PATHS = NO;
				CLANG_CXX_LANGUAGE_STANDARD = "gnu++0x";
				CLANG_CXX_LIBRARY = "libc++";
				CLANG_ENABLE_MODULES = YES;
				CLANG_ENABLE_OBJC_ARC = YES;
				CLANG_WARN_BOOL_CONVERSION = YES;
				CLANG_WARN_CONSTANT_CONVERSION = YES;
				CLANG_WARN_DIRECT_OBJC_ISA_USAGE = YES_ERROR;
				CLANG_WARN_EMPTY_BODY = YES;
				CLANG_WARN_ENUM_CONVERSION = YES;
				CLANG_WARN_INT_CONVERSION = YES;
				CLANG_WARN_OBJC_ROOT_CLASS = YES_ERROR;
				CLANG_WARN_UNREACHABLE_CODE = YES;
				CLANG_WARN__DUPLICATE_METHOD_MATCH = YES;
				"CODE_SIGN_IDENTITY[sdk=iphoneos*]" = "iPhone Developer";
				COPY_PHASE_STRIP = NO;
				DEBUG_INFORMATION_FORMAT = "dwarf-with-dsym";
				ENABLE_NS_ASSERTIONS = NO;
				ENABLE_STRICT_OBJC_MSGSEND = YES;
				GCC_C_LANGUAGE_STANDARD = gnu99;
				GCC_NO_COMMON_BLOCKS = YES;
				GCC_WARN_64_TO_32_BIT_CONVERSION = YES;
				GCC_WARN_ABOUT_RETURN_TYPE = YES_ERROR;
				GCC_WARN_UNDECLARED_SELECTOR = YES;
				GCC_WARN_UNINITIALIZED_AUTOS = YES_AGGRESSIVE;
				GCC_WARN_UNUSED_FUNCTION = YES;
				GCC_WARN_UNUSED_VARIABLE = YES;
				IPHONEOS_DEPLOYMENT_TARGET = 9.1;
				MTL_ENABLE_DEBUG_INFO = NO;
				SDKROOT = iphoneos;
				VALIDATE_PRODUCT = YES;
			};
			name = Release;
		};
		A3A79FBC1BA6D32A003C1F32 /* Debug */ = {
			isa = XCBuildConfiguration;
			buildSettings = {
				ASSETCATALOG_COMPILER_APPICON_NAME = AppIcon;
				CODE_SIGN_IDENTITY = "iPhone Developer";
				INFOPLIST_FILE = "Banana Catcher/Info.plist";
				IPHONEOS_DEPLOYMENT_TARGET = 8.0;
				LD_RUNPATH_SEARCH_PATHS = "$(inherited) @executable_path/Frameworks";
				PRODUCT_BUNDLE_IDENTIFIER = "com.cookiemagik.Banana-Catcher";
				PRODUCT_NAME = "$(TARGET_NAME)";
			};
			name = Debug;
		};
		A3A79FBD1BA6D32A003C1F32 /* Release */ = {
			isa = XCBuildConfiguration;
			buildSettings = {
				ASSETCATALOG_COMPILER_APPICON_NAME = AppIcon;
				CODE_SIGN_IDENTITY = "iPhone Developer";
				INFOPLIST_FILE = "Banana Catcher/Info.plist";
				IPHONEOS_DEPLOYMENT_TARGET = 8.0;
				LD_RUNPATH_SEARCH_PATHS = "$(inherited) @executable_path/Frameworks";
				PRODUCT_BUNDLE_IDENTIFIER = "com.cookiemagik.Banana-Catcher";
				PRODUCT_NAME = "$(TARGET_NAME)";
			};
			name = Release;
		};
		A3A79FBF1BA6D32A003C1F32 /* Debug */ = {
			isa = XCBuildConfiguration;
			buildSettings = {
				BUNDLE_LOADER = "$(TEST_HOST)";
				DEBUG_INFORMATION_FORMAT = dwarf;
				INFOPLIST_FILE = "Banana CatcherTests/Info.plist";
				LD_RUNPATH_SEARCH_PATHS = "$(inherited) @executable_path/Frameworks @loader_path/Frameworks";
				PRODUCT_BUNDLE_IDENTIFIER = "com.cookiemagik.Banana-CatcherTests";
				PRODUCT_NAME = "$(TARGET_NAME)";
				TEST_HOST = "$(BUILT_PRODUCTS_DIR)/Banana Catcher.app/Banana Catcher";
			};
			name = Debug;
		};
		A3A79FC01BA6D32A003C1F32 /* Release */ = {
			isa = XCBuildConfiguration;
			buildSettings = {
				BUNDLE_LOADER = "$(TEST_HOST)";
				INFOPLIST_FILE = "Banana CatcherTests/Info.plist";
				LD_RUNPATH_SEARCH_PATHS = "$(inherited) @executable_path/Frameworks @loader_path/Frameworks";
				PRODUCT_BUNDLE_IDENTIFIER = "com.cookiemagik.Banana-CatcherTests";
				PRODUCT_NAME = "$(TARGET_NAME)";
				TEST_HOST = "$(BUILT_PRODUCTS_DIR)/Banana Catcher.app/Banana Catcher";
			};
			name = Release;
		};
		A3A79FC21BA6D32A003C1F32 /* Debug */ = {
			isa = XCBuildConfiguration;
			buildSettings = {
				DEBUG_INFORMATION_FORMAT = dwarf;
				INFOPLIST_FILE = "Banana CatcherUITests/Info.plist";
				LD_RUNPATH_SEARCH_PATHS = "$(inherited) @executable_path/Frameworks @loader_path/Frameworks";
				PRODUCT_BUNDLE_IDENTIFIER = "com.cookiemagik.Banana-CatcherUITests";
				PRODUCT_NAME = "$(TARGET_NAME)";
				TEST_TARGET_NAME = "Banana Catcher";
				USES_XCTRUNNER = YES;
			};
			name = Debug;
		};
		A3A79FC31BA6D32A003C1F32 /* Release */ = {
			isa = XCBuildConfiguration;
			buildSettings = {
				INFOPLIST_FILE = "Banana CatcherUITests/Info.plist";
				LD_RUNPATH_SEARCH_PATHS = "$(inherited) @executable_path/Frameworks @loader_path/Frameworks";
				PRODUCT_BUNDLE_IDENTIFIER = "com.cookiemagik.Banana-CatcherUITests";
				PRODUCT_NAME = "$(TARGET_NAME)";
				TEST_TARGET_NAME = "Banana Catcher";
				USES_XCTRUNNER = YES;
			};
			name = Release;
		};
/* End XCBuildConfiguration section */

/* Begin XCConfigurationList section */
		A3A79F8A1BA6D32A003C1F32 /* Build configuration list for PBXProject "Banana Catcher" */ = {
			isa = XCConfigurationList;
			buildConfigurations = (
				A3A79FB91BA6D32A003C1F32 /* Debug */,
				A3A79FBA1BA6D32A003C1F32 /* Release */,
			);
			defaultConfigurationIsVisible = 0;
			defaultConfigurationName = Release;
		};
		A3A79FBB1BA6D32A003C1F32 /* Build configuration list for PBXNativeTarget "Banana Catcher" */ = {
			isa = XCConfigurationList;
			buildConfigurations = (
				A3A79FBC1BA6D32A003C1F32 /* Debug */,
				A3A79FBD1BA6D32A003C1F32 /* Release */,
			);
			defaultConfigurationIsVisible = 0;
			defaultConfigurationName = Release;
		};
		A3A79FBE1BA6D32A003C1F32 /* Build configuration list for PBXNativeTarget "Banana CatcherTests" */ = {
			isa = XCConfigurationList;
			buildConfigurations = (
				A3A79FBF1BA6D32A003C1F32 /* Debug */,
				A3A79FC01BA6D32A003C1F32 /* Release */,
			);
			defaultConfigurationIsVisible = 0;
			defaultConfigurationName = Release;
		};
		A3A79FC11BA6D32A003C1F32 /* Build configuration list for PBXNativeTarget "Banana CatcherUITests" */ = {
			isa = XCConfigurationList;
			buildConfigurations = (
				A3A79FC21BA6D32A003C1F32 /* Debug */,
				A3A79FC31BA6D32A003C1F32 /* Release */,
			);
			defaultConfigurationIsVisible = 0;
			defaultConfigurationName = Release;
		};
/* End XCConfigurationList section */
	};
	rootObject = A3A79F871BA6D32A003C1F32 /* Project object */;
}
